// !$*UTF8*$!
{
	archiveVersion = 1;
	classes = {
	};
	objectVersion = 46;
	objects = {

/* Begin PBXBuildFile section */
		0DA2DEE8BB52DB960AA913FE /* libPods-WOTWorkSpaceTests.a in Frameworks */ = {isa = PBXBuildFile; fileRef = 61996A58C52879228CF28B28 /* libPods-WOTWorkSpaceTests.a */; };
		2AF78CDD1F09EA1100F7B56D /* WOTRegisterServiceProvidersVC.m in Sources */ = {isa = PBXBuildFile; fileRef = 2AF78CDC1F09EA1100F7B56D /* WOTRegisterServiceProvidersVC.m */; };
		2AF78CE01F09F66A00F7B56D /* WOTRegisterServiceProvidersCell.m in Sources */ = {isa = PBXBuildFile; fileRef = 2AF78CDF1F09F66A00F7B56D /* WOTRegisterServiceProvidersCell.m */; };
		2AF78CE21F09F8F900F7B56D /* ServiceCategory.plist in Resources */ = {isa = PBXBuildFile; fileRef = 2AF78CE11F09F8F900F7B56D /* ServiceCategory.plist */; };
		2AF78CE51F0A0DF400F7B56D /* WOTServiceProvidersCell.m in Sources */ = {isa = PBXBuildFile; fileRef = 2AF78CE41F0A0DF400F7B56D /* WOTServiceProvidersCell.m */; };
		2AF78CE81F0A0E3100F7B56D /* WOTServiceProvidersCategoryCell.m in Sources */ = {isa = PBXBuildFile; fileRef = 2AF78CE71F0A0E3100F7B56D /* WOTServiceProvidersCategoryCell.m */; };
		2AF78CEB1F0A0E6B00F7B56D /* WOTServiceProvidersCategoryVC.m in Sources */ = {isa = PBXBuildFile; fileRef = 2AF78CEA1F0A0E6B00F7B56D /* WOTServiceProvidersCategoryVC.m */; };
		2AF78CEE1F0A39E800F7B56D /* WOTGETServiceViewController.m in Sources */ = {isa = PBXBuildFile; fileRef = 2AF78CED1F0A39E800F7B56D /* WOTGETServiceViewController.m */; };
		2AF78CF11F0A3B7000F7B56D /* WOTVisitorsAppointmentVC.m in Sources */ = {isa = PBXBuildFile; fileRef = 2AF78CF01F0A3B7000F7B56D /* WOTVisitorsAppointmentVC.m */; };
		2AF78CF41F0A3DCB00F7B56D /* WOTMaintenanceApplyVC.m in Sources */ = {isa = PBXBuildFile; fileRef = 2AF78CF31F0A3DCB00F7B56D /* WOTMaintenanceApplyVC.m */; };
		2AF78CF71F0A3EFA00F7B56D /* WOTFeedbackVC.m in Sources */ = {isa = PBXBuildFile; fileRef = 2AF78CF61F0A3EFA00F7B56D /* WOTFeedbackVC.m */; };
		2AF78CFA1F0A424300F7B56D /* WOTVisitorsAppointmentCell.m in Sources */ = {isa = PBXBuildFile; fileRef = 2AF78CF91F0A424300F7B56D /* WOTVisitorsAppointmentCell.m */; };
		2AF78CFD1F0A42B100F7B56D /* WOTVisitTypeCell.m in Sources */ = {isa = PBXBuildFile; fileRef = 2AF78CFC1F0A42B100F7B56D /* WOTVisitTypeCell.m */; };
		2AF78D001F0A61FF00F7B56D /* WOTGETServiceCell.m in Sources */ = {isa = PBXBuildFile; fileRef = 2AF78CFF1F0A61FF00F7B56D /* WOTGETServiceCell.m */; };
		2AF83EE81F05FB92000AE733 /* Service.storyboard in Resources */ = {isa = PBXBuildFile; fileRef = 2AF83EE71F05FB92000AE733 /* Service.storyboard */; };
		2AF83EEE1F0651A1000AE733 /* WOTServiceProvidersApplyCell.m in Sources */ = {isa = PBXBuildFile; fileRef = 2AF83EED1F0651A1000AE733 /* WOTServiceProvidersApplyCell.m */; };
		59BB1AF86E21AC99D91DDCE6 /* libPods-WOTWorkSpace.a in Frameworks */ = {isa = PBXBuildFile; fileRef = D773A878FA3518662358C7A0 /* libPods-WOTWorkSpace.a */; };
		97D06A114DB42F1134696656 /* libPods-WOTWorkSpaceUITests.a in Frameworks */ = {isa = PBXBuildFile; fileRef = EFC264D6C897C120A10B700D /* libPods-WOTWorkSpaceUITests.a */; };
		E82D5FB21F07DDCA003EF0AE /* UIView+Extension.m in Sources */ = {isa = PBXBuildFile; fileRef = E82D5FB11F07DDCA003EF0AE /* UIView+Extension.m */; };
		E82D5FB51F07DECE003EF0AE /* UIImage+Extension.m in Sources */ = {isa = PBXBuildFile; fileRef = E82D5FB41F07DECE003EF0AE /* UIImage+Extension.m */; };
		E85032CF1F0B476900E79257 /* WOTMainNavigationController.m in Sources */ = {isa = PBXBuildFile; fileRef = E85032CA1F0B476900E79257 /* WOTMainNavigationController.m */; };
		E85032D01F0B476900E79257 /* WOTworkSpaceDetailVC.m in Sources */ = {isa = PBXBuildFile; fileRef = E85032CC1F0B476900E79257 /* WOTworkSpaceDetailVC.m */; };
		E85032D11F0B476900E79257 /* WOTworkSpaceLIstVC.m in Sources */ = {isa = PBXBuildFile; fileRef = E85032CE1F0B476900E79257 /* WOTworkSpaceLIstVC.m */; };
		E85032D41F0B477F00E79257 /* WOTSingtleton.m in Sources */ = {isa = PBXBuildFile; fileRef = E85032D31F0B477F00E79257 /* WOTSingtleton.m */; };
		E8588CE91F0B27F900951105 /* NSString+Category.m in Sources */ = {isa = PBXBuildFile; fileRef = E8588CE61F0B27F900951105 /* NSString+Category.m */; };
		E8588CEA1F0B27F900951105 /* NSString+URL.m in Sources */ = {isa = PBXBuildFile; fileRef = E8588CE81F0B27F900951105 /* NSString+URL.m */; };
		E85A85891F0201F30016FCA1 /* main.m in Sources */ = {isa = PBXBuildFile; fileRef = E85A85881F0201F30016FCA1 /* main.m */; };
		E85A858C1F0201F30016FCA1 /* AppDelegate.m in Sources */ = {isa = PBXBuildFile; fileRef = E85A858B1F0201F30016FCA1 /* AppDelegate.m */; };
		E85A858F1F0201F30016FCA1 /* ViewController.m in Sources */ = {isa = PBXBuildFile; fileRef = E85A858E1F0201F30016FCA1 /* ViewController.m */; };
		E85A85921F0201F30016FCA1 /* Main.storyboard in Resources */ = {isa = PBXBuildFile; fileRef = E85A85901F0201F30016FCA1 /* Main.storyboard */; };
		E85A85951F0201F30016FCA1 /* WOTWorkSpace.xcdatamodeld in Sources */ = {isa = PBXBuildFile; fileRef = E85A85931F0201F30016FCA1 /* WOTWorkSpace.xcdatamodeld */; };
		E85A85971F0201F30016FCA1 /* Assets.xcassets in Resources */ = {isa = PBXBuildFile; fileRef = E85A85961F0201F30016FCA1 /* Assets.xcassets */; };
		E85A859A1F0201F30016FCA1 /* LaunchScreen.storyboard in Resources */ = {isa = PBXBuildFile; fileRef = E85A85981F0201F30016FCA1 /* LaunchScreen.storyboard */; };
		E85A85A51F0201F30016FCA1 /* WOTWorkSpaceTests.m in Sources */ = {isa = PBXBuildFile; fileRef = E85A85A41F0201F30016FCA1 /* WOTWorkSpaceTests.m */; };
		E85A85B01F0201F30016FCA1 /* WOTWorkSpaceUITests.m in Sources */ = {isa = PBXBuildFile; fileRef = E85A85AF1F0201F30016FCA1 /* WOTWorkSpaceUITests.m */; };
		E85A85ED1F0202460016FCA1 /* MASCompositeConstraint.m in Sources */ = {isa = PBXBuildFile; fileRef = E85A85C21F0202450016FCA1 /* MASCompositeConstraint.m */; };
		E85A85EE1F0202460016FCA1 /* MASConstraint.m in Sources */ = {isa = PBXBuildFile; fileRef = E85A85C51F0202450016FCA1 /* MASConstraint.m */; };
		E85A85EF1F0202460016FCA1 /* MASConstraintMaker.m in Sources */ = {isa = PBXBuildFile; fileRef = E85A85C71F0202450016FCA1 /* MASConstraintMaker.m */; };
		E85A85F01F0202460016FCA1 /* MASLayoutConstraint.m in Sources */ = {isa = PBXBuildFile; fileRef = E85A85C91F0202450016FCA1 /* MASLayoutConstraint.m */; };
		E85A85F11F0202460016FCA1 /* MASViewAttribute.m in Sources */ = {isa = PBXBuildFile; fileRef = E85A85CD1F0202450016FCA1 /* MASViewAttribute.m */; };
		E85A85F21F0202460016FCA1 /* MASViewConstraint.m in Sources */ = {isa = PBXBuildFile; fileRef = E85A85CF1F0202450016FCA1 /* MASViewConstraint.m */; };
		E85A85F31F0202460016FCA1 /* NSArray+MASAdditions.m in Sources */ = {isa = PBXBuildFile; fileRef = E85A85D11F0202450016FCA1 /* NSArray+MASAdditions.m */; };
		E85A85F41F0202460016FCA1 /* NSLayoutConstraint+MASDebugAdditions.m in Sources */ = {isa = PBXBuildFile; fileRef = E85A85D41F0202460016FCA1 /* NSLayoutConstraint+MASDebugAdditions.m */; };
		E85A85F51F0202460016FCA1 /* View+MASAdditions.m in Sources */ = {isa = PBXBuildFile; fileRef = E85A85D61F0202460016FCA1 /* View+MASAdditions.m */; };
		E85A85F61F0202460016FCA1 /* MBProgressHUD.m in Sources */ = {isa = PBXBuildFile; fileRef = E85A85DA1F0202460016FCA1 /* MBProgressHUD.m */; };
		E85A85F71F0202460016FCA1 /* MBProgressHUD+Add.m in Sources */ = {isa = PBXBuildFile; fileRef = E85A85DE1F0202460016FCA1 /* MBProgressHUD+Add.m */; };
		E85A85F81F0202460016FCA1 /* MBProgressHUDUtil.m in Sources */ = {isa = PBXBuildFile; fileRef = E85A85E01F0202460016FCA1 /* MBProgressHUDUtil.m */; };
		E85A85FD1F0202B10016FCA1 /* WOTTabBarVCViewController.m in Sources */ = {isa = PBXBuildFile; fileRef = E85A85FC1F0202B10016FCA1 /* WOTTabBarVCViewController.m */; };
		E85A86001F0202F40016FCA1 /* WOTMyVC.m in Sources */ = {isa = PBXBuildFile; fileRef = E85A85FF1F0202F40016FCA1 /* WOTMyVC.m */; };
		E85A860A1F022D6C0016FCA1 /* WOTMyNaviController.m in Sources */ = {isa = PBXBuildFile; fileRef = E85A86091F022D6C0016FCA1 /* WOTMyNaviController.m */; };
		E85A861B1F0252F20016FCA1 /* WOTBaseNavigationController.m in Sources */ = {isa = PBXBuildFile; fileRef = E85A861A1F0252F20016FCA1 /* WOTBaseNavigationController.m */; };
		E8693ADB1F049A6B00772BC1 /* WOTSearchVC.m in Sources */ = {isa = PBXBuildFile; fileRef = E8693ADA1F049A6B00772BC1 /* WOTSearchVC.m */; };
		E8693ADE1F049C6300772BC1 /* UItableView+Extension.m in Sources */ = {isa = PBXBuildFile; fileRef = E8693ADD1F049C6300772BC1 /* UItableView+Extension.m */; };
		E8693AE11F04A96200772BC1 /* WOTStationOrder.m in Sources */ = {isa = PBXBuildFile; fileRef = E8693AE01F04A96200772BC1 /* WOTStationOrder.m */; };
		E8693AE51F04AEB900772BC1 /* WORTMyEnterpriseVC.m in Sources */ = {isa = PBXBuildFile; fileRef = E8693AE41F04AEB900772BC1 /* WORTMyEnterpriseVC.m */; };
		E8693AF81F04B1E600772BC1 /* WOTMyCell.m in Sources */ = {isa = PBXBuildFile; fileRef = E8693AEA1F04B1E600772BC1 /* WOTMyCell.m */; };
		E8693AF91F04B1E600772BC1 /* WOTMycommonCell.m in Sources */ = {isa = PBXBuildFile; fileRef = E8693AEC1F04B1E600772BC1 /* WOTMycommonCell.m */; };
		E8693AFA1F04B1E600772BC1 /* WOTMyOrderCell.m in Sources */ = {isa = PBXBuildFile; fileRef = E8693AEE1F04B1E600772BC1 /* WOTMyOrderCell.m */; };
		E8693AFB1F04B1E600772BC1 /* WOTMyOrderCell.xib in Resources */ = {isa = PBXBuildFile; fileRef = E8693AEF1F04B1E600772BC1 /* WOTMyOrderCell.xib */; };
		E8693AFC1F04B1E600772BC1 /* WOTOrderCell.m in Sources */ = {isa = PBXBuildFile; fileRef = E8693AF11F04B1E600772BC1 /* WOTOrderCell.m */; };
		E8693AFD1F04B1E600772BC1 /* WOTOrderCell.xib in Resources */ = {isa = PBXBuildFile; fileRef = E8693AF21F04B1E600772BC1 /* WOTOrderCell.xib */; };
		E8693AFE1F04B1E600772BC1 /* WOTSettingCell.m in Sources */ = {isa = PBXBuildFile; fileRef = E8693AF41F04B1E600772BC1 /* WOTSettingCell.m */; };
		E8693AFF1F04B1E600772BC1 /* WOTSettingCell.xib in Resources */ = {isa = PBXBuildFile; fileRef = E8693AF51F04B1E600772BC1 /* WOTSettingCell.xib */; };
		E8693B031F04B24200772BC1 /* WOTMyEnterPriseCell.m in Sources */ = {isa = PBXBuildFile; fileRef = E8693B011F04B24200772BC1 /* WOTMyEnterPriseCell.m */; };
		E8693B041F04B24200772BC1 /* WOTMyEnterPriseCell.xib in Resources */ = {isa = PBXBuildFile; fileRef = E8693B021F04B24200772BC1 /* WOTMyEnterPriseCell.xib */; };
		E8693B0A1F04C45100772BC1 /* WOTCreateEnterpriseVC.m in Sources */ = {isa = PBXBuildFile; fileRef = E8693B091F04C45100772BC1 /* WOTCreateEnterpriseVC.m */; };
		E8693B0C1F04F47700772BC1 /* My.storyboard in Resources */ = {isa = PBXBuildFile; fileRef = E8693B0B1F04F47700772BC1 /* My.storyboard */; };
		E8693B0F1F04F90E00772BC1 /* WOTMainVC.m in Sources */ = {isa = PBXBuildFile; fileRef = E8693B0E1F04F90E00772BC1 /* WOTMainVC.m */; };
		E8693B111F04F92C00772BC1 /* spaceMain.storyboard in Resources */ = {isa = PBXBuildFile; fileRef = E8693B101F04F92C00772BC1 /* spaceMain.storyboard */; };
		E8693B141F05061500772BC1 /* WOTServiceVC.m in Sources */ = {isa = PBXBuildFile; fileRef = E8693B131F05061500772BC1 /* WOTServiceVC.m */; };
		E8693B171F05062D00772BC1 /* WOTSocialcontact.m in Sources */ = {isa = PBXBuildFile; fileRef = E8693B161F05062D00772BC1 /* WOTSocialcontact.m */; };
		E8693B1A1F05100800772BC1 /* WOTSocialcontactNaviController.m in Sources */ = {isa = PBXBuildFile; fileRef = E8693B191F05100800772BC1 /* WOTSocialcontactNaviController.m */; };
		E8693B1D1F05143800772BC1 /* WOTServiceNaviController.m in Sources */ = {isa = PBXBuildFile; fileRef = E8693B1C1F05143800772BC1 /* WOTServiceNaviController.m */; };
		E88A54421F03794800AD3F57 /* XXPageTabItemLable.m in Sources */ = {isa = PBXBuildFile; fileRef = E88A543F1F03794800AD3F57 /* XXPageTabItemLable.m */; };
		E88A54431F03794800AD3F57 /* XXPageTabView.m in Sources */ = {isa = PBXBuildFile; fileRef = E88A54411F03794800AD3F57 /* XXPageTabView.m */; };
		E88A54461F039D4500AD3F57 /* WOTConfigThemeUitls.m in Sources */ = {isa = PBXBuildFile; fileRef = E88A54451F039D4500AD3F57 /* WOTConfigThemeUitls.m */; };
		E88A54491F03A64B00AD3F57 /* WOTAllOrderListVC.m in Sources */ = {isa = PBXBuildFile; fileRef = E88A54481F03A64B00AD3F57 /* WOTAllOrderListVC.m */; };
		E88A7F431F09D28800A670E7 /* (null) in Sources */ = {isa = PBXBuildFile; };
		E88A7F471F09D73700A670E7 /* (null) in Sources */ = {isa = PBXBuildFile; };
		E88A7F481F09D73700A670E7 /* (null) in Resources */ = {isa = PBXBuildFile; };
		E88A7F4C1F09DD5500A670E7 /* (null) in Sources */ = {isa = PBXBuildFile; };
		E88A7F4D1F09DD5500A670E7 /* (null) in Resources */ = {isa = PBXBuildFile; };
		E88A7F501F09E7CD00A670E7 /* (null) in Sources */ = {isa = PBXBuildFile; };
		E88A7F531F09E7E400A670E7 /* (null) in Sources */ = {isa = PBXBuildFile; };
		E88A7F571F09EB6000A670E7 /* (null) in Sources */ = {isa = PBXBuildFile; };
		E88A7F581F09EB6000A670E7 /* (null) in Resources */ = {isa = PBXBuildFile; };
		E88A7F5B1F09EC9800A670E7 /* (null) in Sources */ = {isa = PBXBuildFile; };
		E88A7F5E1F09ECE900A670E7 /* (null) in Sources */ = {isa = PBXBuildFile; };
		E88A7F621F09ED2000A670E7 /* (null) in Sources */ = {isa = PBXBuildFile; };
		E88A7F631F09ED2000A670E7 /* (null) in Resources */ = {isa = PBXBuildFile; };
		E88A7F671F0A091000A670E7 /* (null) in Sources */ = {isa = PBXBuildFile; };
		E88A7F681F0A091000A670E7 /* (null) in Resources */ = {isa = PBXBuildFile; };
		E88A7F6B1F0A15E300A670E7 /* (null) in Sources */ = {isa = PBXBuildFile; };
		E88A7F6E1F0A226900A670E7 /* (null) in Sources */ = {isa = PBXBuildFile; };
		E88A7F701F0A22B700A670E7 /* (null) in Resources */ = {isa = PBXBuildFile; };
		E88A7F741F0A243800A670E7 /* (null) in Sources */ = {isa = PBXBuildFile; };
		E88A7F751F0A243800A670E7 /* (null) in Resources */ = {isa = PBXBuildFile; };
		E88A7F781F0A37CC00A670E7 /* (null) in Sources */ = {isa = PBXBuildFile; };
		E8D89D7B1F06021B00FFFFDE /* PFGoldenSectionSpiral.m in Sources */ = {isa = PBXBuildFile; fileRef = E8D89D741F06021B00FFFFDE /* PFGoldenSectionSpiral.m */; };
		E8D89D7C1F06021B00FFFFDE /* ZYQSphereView.m in Sources */ = {isa = PBXBuildFile; fileRef = E8D89D7A1F06021B00FFFFDE /* ZYQSphereView.m */; };
		E8D89D881F0637A700FFFFDE /* NewPagedFlowView.m in Sources */ = {isa = PBXBuildFile; fileRef = E8D89D851F0637A700FFFFDE /* NewPagedFlowView.m */; };
		E8D89D891F0637A700FFFFDE /* PGIndexBannerSubiew.m in Sources */ = {isa = PBXBuildFile; fileRef = E8D89D871F0637A700FFFFDE /* PGIndexBannerSubiew.m */; };
		E8D89D8D1F06481D00FFFFDE /* WOTMyuserCell.m in Sources */ = {isa = PBXBuildFile; fileRef = E8D89D8B1F06481D00FFFFDE /* WOTMyuserCell.m */; };
		E8D89D8E1F06481D00FFFFDE /* WOTMyuserCell.xib in Resources */ = {isa = PBXBuildFile; fileRef = E8D89D8C1F06481D00FFFFDE /* WOTMyuserCell.xib */; };
		E8EACF731F033D3E0015535D /* UIViewController+Extension.m in Sources */ = {isa = PBXBuildFile; fileRef = E8EACF721F033D3E0015535D /* UIViewController+Extension.m */; };
		E8EACF7E1F0344EC0015535D /* WOTPageMenuParentVC.m in Sources */ = {isa = PBXBuildFile; fileRef = E8EACF7D1F0344EC0015535D /* WOTPageMenuParentVC.m */; };
		E8EACF921F035A990015535D /* WOTOrderLIstVC.m in Sources */ = {isa = PBXBuildFile; fileRef = E8EACF8E1F035A990015535D /* WOTOrderLIstVC.m */; };
		E8EACF931F035A990015535D /* WOTSettingVC.m in Sources */ = {isa = PBXBuildFile; fileRef = E8EACF911F035A990015535D /* WOTSettingVC.m */; };
		E8EACF961F035ABA0015535D /* WOTOrderLIstBaseVC.m in Sources */ = {isa = PBXBuildFile; fileRef = E8EACF951F035ABA0015535D /* WOTOrderLIstBaseVC.m */; };
/* End PBXBuildFile section */

/* Begin PBXContainerItemProxy section */
		E85A85A11F0201F30016FCA1 /* PBXContainerItemProxy */ = {
			isa = PBXContainerItemProxy;
			containerPortal = E85A857C1F0201F30016FCA1 /* Project object */;
			proxyType = 1;
			remoteGlobalIDString = E85A85831F0201F30016FCA1;
			remoteInfo = WOTWorkSpace;
		};
		E85A85AC1F0201F30016FCA1 /* PBXContainerItemProxy */ = {
			isa = PBXContainerItemProxy;
			containerPortal = E85A857C1F0201F30016FCA1 /* Project object */;
			proxyType = 1;
			remoteGlobalIDString = E85A85831F0201F30016FCA1;
			remoteInfo = WOTWorkSpace;
		};
/* End PBXContainerItemProxy section */

/* Begin PBXFileReference section */
		157AADE7023AC29418E68C7A /* Pods-WOTWorkSpaceTests.release.xcconfig */ = {isa = PBXFileReference; includeInIndex = 1; lastKnownFileType = text.xcconfig; name = "Pods-WOTWorkSpaceTests.release.xcconfig"; path = "Pods/Target Support Files/Pods-WOTWorkSpaceTests/Pods-WOTWorkSpaceTests.release.xcconfig"; sourceTree = "<group>"; };
		2AF78CDB1F09EA1100F7B56D /* WOTRegisterServiceProvidersVC.h */ = {isa = PBXFileReference; fileEncoding = 4; lastKnownFileType = sourcecode.c.h; path = WOTRegisterServiceProvidersVC.h; sourceTree = "<group>"; };
		2AF78CDC1F09EA1100F7B56D /* WOTRegisterServiceProvidersVC.m */ = {isa = PBXFileReference; fileEncoding = 4; lastKnownFileType = sourcecode.c.objc; path = WOTRegisterServiceProvidersVC.m; sourceTree = "<group>"; };
		2AF78CDE1F09F66A00F7B56D /* WOTRegisterServiceProvidersCell.h */ = {isa = PBXFileReference; fileEncoding = 4; lastKnownFileType = sourcecode.c.h; name = WOTRegisterServiceProvidersCell.h; path = WOTWorkSpace/viewControllers/service/WOTRegisterServiceProvidersCell.h; sourceTree = SOURCE_ROOT; };
		2AF78CDF1F09F66A00F7B56D /* WOTRegisterServiceProvidersCell.m */ = {isa = PBXFileReference; fileEncoding = 4; lastKnownFileType = sourcecode.c.objc; name = WOTRegisterServiceProvidersCell.m; path = WOTWorkSpace/viewControllers/service/WOTRegisterServiceProvidersCell.m; sourceTree = SOURCE_ROOT; };
		2AF78CE11F09F8F900F7B56D /* ServiceCategory.plist */ = {isa = PBXFileReference; fileEncoding = 4; lastKnownFileType = text.plist.xml; path = ServiceCategory.plist; sourceTree = "<group>"; };
		2AF78CE31F0A0DF400F7B56D /* WOTServiceProvidersCell.h */ = {isa = PBXFileReference; fileEncoding = 4; lastKnownFileType = sourcecode.c.h; name = WOTServiceProvidersCell.h; path = WOTWorkSpace/common/WOTServiceProvidersCell.h; sourceTree = SOURCE_ROOT; };
		2AF78CE41F0A0DF400F7B56D /* WOTServiceProvidersCell.m */ = {isa = PBXFileReference; fileEncoding = 4; lastKnownFileType = sourcecode.c.objc; name = WOTServiceProvidersCell.m; path = WOTWorkSpace/common/WOTServiceProvidersCell.m; sourceTree = SOURCE_ROOT; };
		2AF78CE61F0A0E3100F7B56D /* WOTServiceProvidersCategoryCell.h */ = {isa = PBXFileReference; fileEncoding = 4; lastKnownFileType = sourcecode.c.h; name = WOTServiceProvidersCategoryCell.h; path = WOTWorkSpace/common/WOTServiceProvidersCategoryCell.h; sourceTree = SOURCE_ROOT; };
		2AF78CE71F0A0E3100F7B56D /* WOTServiceProvidersCategoryCell.m */ = {isa = PBXFileReference; fileEncoding = 4; lastKnownFileType = sourcecode.c.objc; name = WOTServiceProvidersCategoryCell.m; path = WOTWorkSpace/common/WOTServiceProvidersCategoryCell.m; sourceTree = SOURCE_ROOT; };
		2AF78CE91F0A0E6B00F7B56D /* WOTServiceProvidersCategoryVC.h */ = {isa = PBXFileReference; fileEncoding = 4; lastKnownFileType = sourcecode.c.h; path = WOTServiceProvidersCategoryVC.h; sourceTree = "<group>"; };
		2AF78CEA1F0A0E6B00F7B56D /* WOTServiceProvidersCategoryVC.m */ = {isa = PBXFileReference; fileEncoding = 4; lastKnownFileType = sourcecode.c.objc; path = WOTServiceProvidersCategoryVC.m; sourceTree = "<group>"; };
		2AF78CEC1F0A39E800F7B56D /* WOTGETServiceViewController.h */ = {isa = PBXFileReference; fileEncoding = 4; lastKnownFileType = sourcecode.c.h; path = WOTGETServiceViewController.h; sourceTree = "<group>"; };
		2AF78CED1F0A39E800F7B56D /* WOTGETServiceViewController.m */ = {isa = PBXFileReference; fileEncoding = 4; lastKnownFileType = sourcecode.c.objc; path = WOTGETServiceViewController.m; sourceTree = "<group>"; };
		2AF78CEF1F0A3B7000F7B56D /* WOTVisitorsAppointmentVC.h */ = {isa = PBXFileReference; fileEncoding = 4; lastKnownFileType = sourcecode.c.h; path = WOTVisitorsAppointmentVC.h; sourceTree = "<group>"; };
		2AF78CF01F0A3B7000F7B56D /* WOTVisitorsAppointmentVC.m */ = {isa = PBXFileReference; fileEncoding = 4; lastKnownFileType = sourcecode.c.objc; path = WOTVisitorsAppointmentVC.m; sourceTree = "<group>"; };
		2AF78CF21F0A3DCB00F7B56D /* WOTMaintenanceApplyVC.h */ = {isa = PBXFileReference; fileEncoding = 4; lastKnownFileType = sourcecode.c.h; path = WOTMaintenanceApplyVC.h; sourceTree = "<group>"; };
		2AF78CF31F0A3DCB00F7B56D /* WOTMaintenanceApplyVC.m */ = {isa = PBXFileReference; fileEncoding = 4; lastKnownFileType = sourcecode.c.objc; path = WOTMaintenanceApplyVC.m; sourceTree = "<group>"; };
		2AF78CF51F0A3EFA00F7B56D /* WOTFeedbackVC.h */ = {isa = PBXFileReference; fileEncoding = 4; lastKnownFileType = sourcecode.c.h; path = WOTFeedbackVC.h; sourceTree = "<group>"; };
		2AF78CF61F0A3EFA00F7B56D /* WOTFeedbackVC.m */ = {isa = PBXFileReference; fileEncoding = 4; lastKnownFileType = sourcecode.c.objc; path = WOTFeedbackVC.m; sourceTree = "<group>"; };
		2AF78CF81F0A424300F7B56D /* WOTVisitorsAppointmentCell.h */ = {isa = PBXFileReference; fileEncoding = 4; lastKnownFileType = sourcecode.c.h; name = WOTVisitorsAppointmentCell.h; path = WOTWorkSpace/viewControllers/service/WOTVisitorsAppointmentCell.h; sourceTree = SOURCE_ROOT; };
		2AF78CF91F0A424300F7B56D /* WOTVisitorsAppointmentCell.m */ = {isa = PBXFileReference; fileEncoding = 4; lastKnownFileType = sourcecode.c.objc; name = WOTVisitorsAppointmentCell.m; path = WOTWorkSpace/viewControllers/service/WOTVisitorsAppointmentCell.m; sourceTree = SOURCE_ROOT; };
		2AF78CFB1F0A42B100F7B56D /* WOTVisitTypeCell.h */ = {isa = PBXFileReference; fileEncoding = 4; lastKnownFileType = sourcecode.c.h; name = WOTVisitTypeCell.h; path = WOTWorkSpace/viewControllers/service/WOTVisitTypeCell.h; sourceTree = SOURCE_ROOT; };
		2AF78CFC1F0A42B100F7B56D /* WOTVisitTypeCell.m */ = {isa = PBXFileReference; fileEncoding = 4; lastKnownFileType = sourcecode.c.objc; name = WOTVisitTypeCell.m; path = WOTWorkSpace/viewControllers/service/WOTVisitTypeCell.m; sourceTree = SOURCE_ROOT; };
		2AF78CFE1F0A61FF00F7B56D /* WOTGETServiceCell.h */ = {isa = PBXFileReference; fileEncoding = 4; lastKnownFileType = sourcecode.c.h; name = WOTGETServiceCell.h; path = WOTWorkSpace/viewControllers/service/WOTGETServiceCell.h; sourceTree = SOURCE_ROOT; };
		2AF78CFF1F0A61FF00F7B56D /* WOTGETServiceCell.m */ = {isa = PBXFileReference; fileEncoding = 4; lastKnownFileType = sourcecode.c.objc; name = WOTGETServiceCell.m; path = WOTWorkSpace/viewControllers/service/WOTGETServiceCell.m; sourceTree = SOURCE_ROOT; };
		2AF83EE71F05FB92000AE733 /* Service.storyboard */ = {isa = PBXFileReference; fileEncoding = 4; lastKnownFileType = file.storyboard; path = Service.storyboard; sourceTree = "<group>"; };
		2AF83EEC1F0651A1000AE733 /* WOTServiceProvidersApplyCell.h */ = {isa = PBXFileReference; fileEncoding = 4; lastKnownFileType = sourcecode.c.h; name = WOTServiceProvidersApplyCell.h; path = WOTWorkSpace/storyboards/WOTServiceProvidersApplyCell.h; sourceTree = SOURCE_ROOT; };
		2AF83EED1F0651A1000AE733 /* WOTServiceProvidersApplyCell.m */ = {isa = PBXFileReference; fileEncoding = 4; lastKnownFileType = sourcecode.c.objc; name = WOTServiceProvidersApplyCell.m; path = WOTWorkSpace/storyboards/WOTServiceProvidersApplyCell.m; sourceTree = SOURCE_ROOT; };
		3704D94D4A02A54BFD2A96B0 /* Pods-WOTWorkSpaceUITests.debug.xcconfig */ = {isa = PBXFileReference; includeInIndex = 1; lastKnownFileType = text.xcconfig; name = "Pods-WOTWorkSpaceUITests.debug.xcconfig"; path = "Pods/Target Support Files/Pods-WOTWorkSpaceUITests/Pods-WOTWorkSpaceUITests.debug.xcconfig"; sourceTree = "<group>"; };
		3AD4D44235E619477B1F5D13 /* Pods-WOTWorkSpace.debug.xcconfig */ = {isa = PBXFileReference; includeInIndex = 1; lastKnownFileType = text.xcconfig; name = "Pods-WOTWorkSpace.debug.xcconfig"; path = "Pods/Target Support Files/Pods-WOTWorkSpace/Pods-WOTWorkSpace.debug.xcconfig"; sourceTree = "<group>"; };
		61996A58C52879228CF28B28 /* libPods-WOTWorkSpaceTests.a */ = {isa = PBXFileReference; explicitFileType = archive.ar; includeInIndex = 0; path = "libPods-WOTWorkSpaceTests.a"; sourceTree = BUILT_PRODUCTS_DIR; };
		AFD7419E0440D789E522F1B2 /* Pods-WOTWorkSpaceTests.debug.xcconfig */ = {isa = PBXFileReference; includeInIndex = 1; lastKnownFileType = text.xcconfig; name = "Pods-WOTWorkSpaceTests.debug.xcconfig"; path = "Pods/Target Support Files/Pods-WOTWorkSpaceTests/Pods-WOTWorkSpaceTests.debug.xcconfig"; sourceTree = "<group>"; };
		D0639BAED3DA088A5423E46F /* Pods-WOTWorkSpace.release.xcconfig */ = {isa = PBXFileReference; includeInIndex = 1; lastKnownFileType = text.xcconfig; name = "Pods-WOTWorkSpace.release.xcconfig"; path = "Pods/Target Support Files/Pods-WOTWorkSpace/Pods-WOTWorkSpace.release.xcconfig"; sourceTree = "<group>"; };
		D773A878FA3518662358C7A0 /* libPods-WOTWorkSpace.a */ = {isa = PBXFileReference; explicitFileType = archive.ar; includeInIndex = 0; path = "libPods-WOTWorkSpace.a"; sourceTree = BUILT_PRODUCTS_DIR; };
		E82D5FB01F07DDCA003EF0AE /* UIView+Extension.h */ = {isa = PBXFileReference; fileEncoding = 4; lastKnownFileType = sourcecode.c.h; path = "UIView+Extension.h"; sourceTree = "<group>"; };
		E82D5FB11F07DDCA003EF0AE /* UIView+Extension.m */ = {isa = PBXFileReference; fileEncoding = 4; lastKnownFileType = sourcecode.c.objc; path = "UIView+Extension.m"; sourceTree = "<group>"; };
		E82D5FB31F07DECE003EF0AE /* UIImage+Extension.h */ = {isa = PBXFileReference; fileEncoding = 4; lastKnownFileType = sourcecode.c.h; path = "UIImage+Extension.h"; sourceTree = "<group>"; };
		E82D5FB41F07DECE003EF0AE /* UIImage+Extension.m */ = {isa = PBXFileReference; fileEncoding = 4; lastKnownFileType = sourcecode.c.objc; path = "UIImage+Extension.m"; sourceTree = "<group>"; };
		E85032C91F0B476900E79257 /* WOTMainNavigationController.h */ = {isa = PBXFileReference; fileEncoding = 4; lastKnownFileType = sourcecode.c.h; path = WOTMainNavigationController.h; sourceTree = "<group>"; };
		E85032CA1F0B476900E79257 /* WOTMainNavigationController.m */ = {isa = PBXFileReference; fileEncoding = 4; lastKnownFileType = sourcecode.c.objc; path = WOTMainNavigationController.m; sourceTree = "<group>"; };
		E85032CB1F0B476900E79257 /* WOTworkSpaceDetailVC.h */ = {isa = PBXFileReference; fileEncoding = 4; lastKnownFileType = sourcecode.c.h; path = WOTworkSpaceDetailVC.h; sourceTree = "<group>"; };
		E85032CC1F0B476900E79257 /* WOTworkSpaceDetailVC.m */ = {isa = PBXFileReference; fileEncoding = 4; lastKnownFileType = sourcecode.c.objc; path = WOTworkSpaceDetailVC.m; sourceTree = "<group>"; };
		E85032CD1F0B476900E79257 /* WOTworkSpaceLIstVC.h */ = {isa = PBXFileReference; fileEncoding = 4; lastKnownFileType = sourcecode.c.h; path = WOTworkSpaceLIstVC.h; sourceTree = "<group>"; };
		E85032CE1F0B476900E79257 /* WOTworkSpaceLIstVC.m */ = {isa = PBXFileReference; fileEncoding = 4; lastKnownFileType = sourcecode.c.objc; path = WOTworkSpaceLIstVC.m; sourceTree = "<group>"; };
		E85032D21F0B477F00E79257 /* WOTSingtleton.h */ = {isa = PBXFileReference; fileEncoding = 4; lastKnownFileType = sourcecode.c.h; path = WOTSingtleton.h; sourceTree = "<group>"; };
		E85032D31F0B477F00E79257 /* WOTSingtleton.m */ = {isa = PBXFileReference; fileEncoding = 4; lastKnownFileType = sourcecode.c.objc; path = WOTSingtleton.m; sourceTree = "<group>"; };
		E8588CE51F0B27F900951105 /* NSString+Category.h */ = {isa = PBXFileReference; fileEncoding = 4; lastKnownFileType = sourcecode.c.h; path = "NSString+Category.h"; sourceTree = "<group>"; };
		E8588CE61F0B27F900951105 /* NSString+Category.m */ = {isa = PBXFileReference; fileEncoding = 4; lastKnownFileType = sourcecode.c.objc; path = "NSString+Category.m"; sourceTree = "<group>"; };
		E8588CE71F0B27F900951105 /* NSString+URL.h */ = {isa = PBXFileReference; fileEncoding = 4; lastKnownFileType = sourcecode.c.h; path = "NSString+URL.h"; sourceTree = "<group>"; };
		E8588CE81F0B27F900951105 /* NSString+URL.m */ = {isa = PBXFileReference; fileEncoding = 4; lastKnownFileType = sourcecode.c.objc; path = "NSString+URL.m"; sourceTree = "<group>"; };
		E85A85841F0201F30016FCA1 /* WOTWorkSpace.app */ = {isa = PBXFileReference; explicitFileType = wrapper.application; includeInIndex = 0; path = WOTWorkSpace.app; sourceTree = BUILT_PRODUCTS_DIR; };
		E85A85881F0201F30016FCA1 /* main.m */ = {isa = PBXFileReference; lastKnownFileType = sourcecode.c.objc; path = main.m; sourceTree = "<group>"; };
		E85A858A1F0201F30016FCA1 /* AppDelegate.h */ = {isa = PBXFileReference; lastKnownFileType = sourcecode.c.h; path = AppDelegate.h; sourceTree = "<group>"; };
		E85A858B1F0201F30016FCA1 /* AppDelegate.m */ = {isa = PBXFileReference; lastKnownFileType = sourcecode.c.objc; path = AppDelegate.m; sourceTree = "<group>"; };
		E85A858D1F0201F30016FCA1 /* ViewController.h */ = {isa = PBXFileReference; lastKnownFileType = sourcecode.c.h; path = ViewController.h; sourceTree = "<group>"; };
		E85A858E1F0201F30016FCA1 /* ViewController.m */ = {isa = PBXFileReference; lastKnownFileType = sourcecode.c.objc; path = ViewController.m; sourceTree = "<group>"; };
		E85A85911F0201F30016FCA1 /* Base */ = {isa = PBXFileReference; lastKnownFileType = file.storyboard; name = Base; path = Base.lproj/Main.storyboard; sourceTree = "<group>"; };
		E85A85941F0201F30016FCA1 /* WOTWorkSpace.xcdatamodel */ = {isa = PBXFileReference; lastKnownFileType = wrapper.xcdatamodel; path = WOTWorkSpace.xcdatamodel; sourceTree = "<group>"; };
		E85A85961F0201F30016FCA1 /* Assets.xcassets */ = {isa = PBXFileReference; lastKnownFileType = folder.assetcatalog; path = Assets.xcassets; sourceTree = "<group>"; };
		E85A85991F0201F30016FCA1 /* Base */ = {isa = PBXFileReference; lastKnownFileType = file.storyboard; name = Base; path = Base.lproj/LaunchScreen.storyboard; sourceTree = "<group>"; };
		E85A859B1F0201F30016FCA1 /* Info.plist */ = {isa = PBXFileReference; lastKnownFileType = text.plist.xml; path = Info.plist; sourceTree = "<group>"; };
		E85A85A01F0201F30016FCA1 /* WOTWorkSpaceTests.xctest */ = {isa = PBXFileReference; explicitFileType = wrapper.cfbundle; includeInIndex = 0; path = WOTWorkSpaceTests.xctest; sourceTree = BUILT_PRODUCTS_DIR; };
		E85A85A41F0201F30016FCA1 /* WOTWorkSpaceTests.m */ = {isa = PBXFileReference; lastKnownFileType = sourcecode.c.objc; path = WOTWorkSpaceTests.m; sourceTree = "<group>"; };
		E85A85A61F0201F30016FCA1 /* Info.plist */ = {isa = PBXFileReference; lastKnownFileType = text.plist.xml; path = Info.plist; sourceTree = "<group>"; };
		E85A85AB1F0201F30016FCA1 /* WOTWorkSpaceUITests.xctest */ = {isa = PBXFileReference; explicitFileType = wrapper.cfbundle; includeInIndex = 0; path = WOTWorkSpaceUITests.xctest; sourceTree = BUILT_PRODUCTS_DIR; };
		E85A85AF1F0201F30016FCA1 /* WOTWorkSpaceUITests.m */ = {isa = PBXFileReference; lastKnownFileType = sourcecode.c.objc; path = WOTWorkSpaceUITests.m; sourceTree = "<group>"; };
		E85A85B11F0201F30016FCA1 /* Info.plist */ = {isa = PBXFileReference; lastKnownFileType = text.plist.xml; path = Info.plist; sourceTree = "<group>"; };
		E85A85BE1F0202450016FCA1 /* header.h */ = {isa = PBXFileReference; fileEncoding = 4; lastKnownFileType = sourcecode.c.h; path = header.h; sourceTree = "<group>"; };
		E85A85C11F0202450016FCA1 /* MASCompositeConstraint.h */ = {isa = PBXFileReference; fileEncoding = 4; lastKnownFileType = sourcecode.c.h; path = MASCompositeConstraint.h; sourceTree = "<group>"; };
		E85A85C21F0202450016FCA1 /* MASCompositeConstraint.m */ = {isa = PBXFileReference; fileEncoding = 4; lastKnownFileType = sourcecode.c.objc; path = MASCompositeConstraint.m; sourceTree = "<group>"; };
		E85A85C31F0202450016FCA1 /* MASConstraint+Private.h */ = {isa = PBXFileReference; fileEncoding = 4; lastKnownFileType = sourcecode.c.h; path = "MASConstraint+Private.h"; sourceTree = "<group>"; };
		E85A85C41F0202450016FCA1 /* MASConstraint.h */ = {isa = PBXFileReference; fileEncoding = 4; lastKnownFileType = sourcecode.c.h; path = MASConstraint.h; sourceTree = "<group>"; };
		E85A85C51F0202450016FCA1 /* MASConstraint.m */ = {isa = PBXFileReference; fileEncoding = 4; lastKnownFileType = sourcecode.c.objc; path = MASConstraint.m; sourceTree = "<group>"; };
		E85A85C61F0202450016FCA1 /* MASConstraintMaker.h */ = {isa = PBXFileReference; fileEncoding = 4; lastKnownFileType = sourcecode.c.h; path = MASConstraintMaker.h; sourceTree = "<group>"; };
		E85A85C71F0202450016FCA1 /* MASConstraintMaker.m */ = {isa = PBXFileReference; fileEncoding = 4; lastKnownFileType = sourcecode.c.objc; path = MASConstraintMaker.m; sourceTree = "<group>"; };
		E85A85C81F0202450016FCA1 /* MASLayoutConstraint.h */ = {isa = PBXFileReference; fileEncoding = 4; lastKnownFileType = sourcecode.c.h; path = MASLayoutConstraint.h; sourceTree = "<group>"; };
		E85A85C91F0202450016FCA1 /* MASLayoutConstraint.m */ = {isa = PBXFileReference; fileEncoding = 4; lastKnownFileType = sourcecode.c.objc; path = MASLayoutConstraint.m; sourceTree = "<group>"; };
		E85A85CA1F0202450016FCA1 /* Masonry.h */ = {isa = PBXFileReference; fileEncoding = 4; lastKnownFileType = sourcecode.c.h; path = Masonry.h; sourceTree = "<group>"; };
		E85A85CB1F0202450016FCA1 /* MASUtilities.h */ = {isa = PBXFileReference; fileEncoding = 4; lastKnownFileType = sourcecode.c.h; path = MASUtilities.h; sourceTree = "<group>"; };
		E85A85CC1F0202450016FCA1 /* MASViewAttribute.h */ = {isa = PBXFileReference; fileEncoding = 4; lastKnownFileType = sourcecode.c.h; path = MASViewAttribute.h; sourceTree = "<group>"; };
		E85A85CD1F0202450016FCA1 /* MASViewAttribute.m */ = {isa = PBXFileReference; fileEncoding = 4; lastKnownFileType = sourcecode.c.objc; path = MASViewAttribute.m; sourceTree = "<group>"; };
		E85A85CE1F0202450016FCA1 /* MASViewConstraint.h */ = {isa = PBXFileReference; fileEncoding = 4; lastKnownFileType = sourcecode.c.h; path = MASViewConstraint.h; sourceTree = "<group>"; };
		E85A85CF1F0202450016FCA1 /* MASViewConstraint.m */ = {isa = PBXFileReference; fileEncoding = 4; lastKnownFileType = sourcecode.c.objc; path = MASViewConstraint.m; sourceTree = "<group>"; };
		E85A85D01F0202450016FCA1 /* NSArray+MASAdditions.h */ = {isa = PBXFileReference; fileEncoding = 4; lastKnownFileType = sourcecode.c.h; path = "NSArray+MASAdditions.h"; sourceTree = "<group>"; };
		E85A85D11F0202450016FCA1 /* NSArray+MASAdditions.m */ = {isa = PBXFileReference; fileEncoding = 4; lastKnownFileType = sourcecode.c.objc; path = "NSArray+MASAdditions.m"; sourceTree = "<group>"; };
		E85A85D21F0202450016FCA1 /* NSArray+MASShorthandAdditions.h */ = {isa = PBXFileReference; fileEncoding = 4; lastKnownFileType = sourcecode.c.h; path = "NSArray+MASShorthandAdditions.h"; sourceTree = "<group>"; };
		E85A85D31F0202450016FCA1 /* NSLayoutConstraint+MASDebugAdditions.h */ = {isa = PBXFileReference; fileEncoding = 4; lastKnownFileType = sourcecode.c.h; path = "NSLayoutConstraint+MASDebugAdditions.h"; sourceTree = "<group>"; };
		E85A85D41F0202460016FCA1 /* NSLayoutConstraint+MASDebugAdditions.m */ = {isa = PBXFileReference; fileEncoding = 4; lastKnownFileType = sourcecode.c.objc; path = "NSLayoutConstraint+MASDebugAdditions.m"; sourceTree = "<group>"; };
		E85A85D51F0202460016FCA1 /* View+MASAdditions.h */ = {isa = PBXFileReference; fileEncoding = 4; lastKnownFileType = sourcecode.c.h; path = "View+MASAdditions.h"; sourceTree = "<group>"; };
		E85A85D61F0202460016FCA1 /* View+MASAdditions.m */ = {isa = PBXFileReference; fileEncoding = 4; lastKnownFileType = sourcecode.c.objc; path = "View+MASAdditions.m"; sourceTree = "<group>"; };
		E85A85D71F0202460016FCA1 /* View+MASShorthandAdditions.h */ = {isa = PBXFileReference; fileEncoding = 4; lastKnownFileType = sourcecode.c.h; path = "View+MASShorthandAdditions.h"; sourceTree = "<group>"; };
		E85A85D91F0202460016FCA1 /* MBProgressHUD.h */ = {isa = PBXFileReference; fileEncoding = 4; lastKnownFileType = sourcecode.c.h; path = MBProgressHUD.h; sourceTree = "<group>"; };
		E85A85DA1F0202460016FCA1 /* MBProgressHUD.m */ = {isa = PBXFileReference; fileEncoding = 4; lastKnownFileType = sourcecode.c.objc; path = MBProgressHUD.m; sourceTree = "<group>"; };
		E85A85DD1F0202460016FCA1 /* MBProgressHUD+Add.h */ = {isa = PBXFileReference; fileEncoding = 4; lastKnownFileType = sourcecode.c.h; path = "MBProgressHUD+Add.h"; sourceTree = "<group>"; };
		E85A85DE1F0202460016FCA1 /* MBProgressHUD+Add.m */ = {isa = PBXFileReference; fileEncoding = 4; lastKnownFileType = sourcecode.c.objc; path = "MBProgressHUD+Add.m"; sourceTree = "<group>"; };
		E85A85DF1F0202460016FCA1 /* MBProgressHUDUtil.h */ = {isa = PBXFileReference; fileEncoding = 4; lastKnownFileType = sourcecode.c.h; path = MBProgressHUDUtil.h; sourceTree = "<group>"; };
		E85A85E01F0202460016FCA1 /* MBProgressHUDUtil.m */ = {isa = PBXFileReference; fileEncoding = 4; lastKnownFileType = sourcecode.c.objc; path = MBProgressHUDUtil.m; sourceTree = "<group>"; };
		E85A85FB1F0202B10016FCA1 /* WOTTabBarVCViewController.h */ = {isa = PBXFileReference; fileEncoding = 4; lastKnownFileType = sourcecode.c.h; path = WOTTabBarVCViewController.h; sourceTree = "<group>"; };
		E85A85FC1F0202B10016FCA1 /* WOTTabBarVCViewController.m */ = {isa = PBXFileReference; fileEncoding = 4; lastKnownFileType = sourcecode.c.objc; path = WOTTabBarVCViewController.m; sourceTree = "<group>"; };
		E85A85FE1F0202F40016FCA1 /* WOTMyVC.h */ = {isa = PBXFileReference; fileEncoding = 4; lastKnownFileType = sourcecode.c.h; path = WOTMyVC.h; sourceTree = "<group>"; };
		E85A85FF1F0202F40016FCA1 /* WOTMyVC.m */ = {isa = PBXFileReference; fileEncoding = 4; lastKnownFileType = sourcecode.c.objc; path = WOTMyVC.m; sourceTree = "<group>"; };
		E85A86011F0206730016FCA1 /* WOTConstants.h */ = {isa = PBXFileReference; lastKnownFileType = sourcecode.c.h; path = WOTConstants.h; sourceTree = "<group>"; };
		E85A86081F022D6C0016FCA1 /* WOTMyNaviController.h */ = {isa = PBXFileReference; fileEncoding = 4; lastKnownFileType = sourcecode.c.h; path = WOTMyNaviController.h; sourceTree = "<group>"; };
		E85A86091F022D6C0016FCA1 /* WOTMyNaviController.m */ = {isa = PBXFileReference; fileEncoding = 4; lastKnownFileType = sourcecode.c.objc; path = WOTMyNaviController.m; sourceTree = "<group>"; };
		E85A86191F0252F20016FCA1 /* WOTBaseNavigationController.h */ = {isa = PBXFileReference; fileEncoding = 4; lastKnownFileType = sourcecode.c.h; path = WOTBaseNavigationController.h; sourceTree = "<group>"; };
		E85A861A1F0252F20016FCA1 /* WOTBaseNavigationController.m */ = {isa = PBXFileReference; fileEncoding = 4; lastKnownFileType = sourcecode.c.objc; path = WOTBaseNavigationController.m; sourceTree = "<group>"; };
		E8693AD91F049A6B00772BC1 /* WOTSearchVC.h */ = {isa = PBXFileReference; fileEncoding = 4; lastKnownFileType = sourcecode.c.h; path = WOTSearchVC.h; sourceTree = "<group>"; };
		E8693ADA1F049A6B00772BC1 /* WOTSearchVC.m */ = {isa = PBXFileReference; fileEncoding = 4; lastKnownFileType = sourcecode.c.objc; path = WOTSearchVC.m; sourceTree = "<group>"; };
		E8693ADC1F049C6300772BC1 /* UItableView+Extension.h */ = {isa = PBXFileReference; fileEncoding = 4; lastKnownFileType = sourcecode.c.h; path = "UItableView+Extension.h"; sourceTree = "<group>"; };
		E8693ADD1F049C6300772BC1 /* UItableView+Extension.m */ = {isa = PBXFileReference; fileEncoding = 4; lastKnownFileType = sourcecode.c.objc; path = "UItableView+Extension.m"; sourceTree = "<group>"; };
		E8693ADF1F04A96200772BC1 /* WOTStationOrder.h */ = {isa = PBXFileReference; fileEncoding = 4; lastKnownFileType = sourcecode.c.h; path = WOTStationOrder.h; sourceTree = "<group>"; };
		E8693AE01F04A96200772BC1 /* WOTStationOrder.m */ = {isa = PBXFileReference; fileEncoding = 4; lastKnownFileType = sourcecode.c.objc; path = WOTStationOrder.m; sourceTree = "<group>"; };
		E8693AE31F04AEB900772BC1 /* WORTMyEnterpriseVC.h */ = {isa = PBXFileReference; fileEncoding = 4; lastKnownFileType = sourcecode.c.h; path = WORTMyEnterpriseVC.h; sourceTree = "<group>"; };
		E8693AE41F04AEB900772BC1 /* WORTMyEnterpriseVC.m */ = {isa = PBXFileReference; fileEncoding = 4; lastKnownFileType = sourcecode.c.objc; path = WORTMyEnterpriseVC.m; sourceTree = "<group>"; };
		E8693AE91F04B1E600772BC1 /* WOTMyCell.h */ = {isa = PBXFileReference; fileEncoding = 4; lastKnownFileType = sourcecode.c.h; path = WOTMyCell.h; sourceTree = "<group>"; };
		E8693AEA1F04B1E600772BC1 /* WOTMyCell.m */ = {isa = PBXFileReference; fileEncoding = 4; lastKnownFileType = sourcecode.c.objc; path = WOTMyCell.m; sourceTree = "<group>"; };
		E8693AEB1F04B1E600772BC1 /* WOTMycommonCell.h */ = {isa = PBXFileReference; fileEncoding = 4; lastKnownFileType = sourcecode.c.h; path = WOTMycommonCell.h; sourceTree = "<group>"; };
		E8693AEC1F04B1E600772BC1 /* WOTMycommonCell.m */ = {isa = PBXFileReference; fileEncoding = 4; lastKnownFileType = sourcecode.c.objc; path = WOTMycommonCell.m; sourceTree = "<group>"; };
		E8693AED1F04B1E600772BC1 /* WOTMyOrderCell.h */ = {isa = PBXFileReference; fileEncoding = 4; lastKnownFileType = sourcecode.c.h; path = WOTMyOrderCell.h; sourceTree = "<group>"; };
		E8693AEE1F04B1E600772BC1 /* WOTMyOrderCell.m */ = {isa = PBXFileReference; fileEncoding = 4; lastKnownFileType = sourcecode.c.objc; path = WOTMyOrderCell.m; sourceTree = "<group>"; };
		E8693AEF1F04B1E600772BC1 /* WOTMyOrderCell.xib */ = {isa = PBXFileReference; fileEncoding = 4; lastKnownFileType = file.xib; path = WOTMyOrderCell.xib; sourceTree = "<group>"; };
		E8693AF01F04B1E600772BC1 /* WOTOrderCell.h */ = {isa = PBXFileReference; fileEncoding = 4; lastKnownFileType = sourcecode.c.h; path = WOTOrderCell.h; sourceTree = "<group>"; };
		E8693AF11F04B1E600772BC1 /* WOTOrderCell.m */ = {isa = PBXFileReference; fileEncoding = 4; lastKnownFileType = sourcecode.c.objc; path = WOTOrderCell.m; sourceTree = "<group>"; };
		E8693AF21F04B1E600772BC1 /* WOTOrderCell.xib */ = {isa = PBXFileReference; fileEncoding = 4; lastKnownFileType = file.xib; path = WOTOrderCell.xib; sourceTree = "<group>"; };
		E8693AF31F04B1E600772BC1 /* WOTSettingCell.h */ = {isa = PBXFileReference; fileEncoding = 4; lastKnownFileType = sourcecode.c.h; path = WOTSettingCell.h; sourceTree = "<group>"; };
		E8693AF41F04B1E600772BC1 /* WOTSettingCell.m */ = {isa = PBXFileReference; fileEncoding = 4; lastKnownFileType = sourcecode.c.objc; path = WOTSettingCell.m; sourceTree = "<group>"; };
		E8693AF51F04B1E600772BC1 /* WOTSettingCell.xib */ = {isa = PBXFileReference; fileEncoding = 4; lastKnownFileType = file.xib; path = WOTSettingCell.xib; sourceTree = "<group>"; };
		E8693B001F04B24200772BC1 /* WOTMyEnterPriseCell.h */ = {isa = PBXFileReference; fileEncoding = 4; lastKnownFileType = sourcecode.c.h; path = WOTMyEnterPriseCell.h; sourceTree = "<group>"; };
		E8693B011F04B24200772BC1 /* WOTMyEnterPriseCell.m */ = {isa = PBXFileReference; fileEncoding = 4; lastKnownFileType = sourcecode.c.objc; path = WOTMyEnterPriseCell.m; sourceTree = "<group>"; };
		E8693B021F04B24200772BC1 /* WOTMyEnterPriseCell.xib */ = {isa = PBXFileReference; fileEncoding = 4; lastKnownFileType = file.xib; path = WOTMyEnterPriseCell.xib; sourceTree = "<group>"; };
		E8693B081F04C45100772BC1 /* WOTCreateEnterpriseVC.h */ = {isa = PBXFileReference; fileEncoding = 4; lastKnownFileType = sourcecode.c.h; path = WOTCreateEnterpriseVC.h; sourceTree = "<group>"; };
		E8693B091F04C45100772BC1 /* WOTCreateEnterpriseVC.m */ = {isa = PBXFileReference; fileEncoding = 4; lastKnownFileType = sourcecode.c.objc; path = WOTCreateEnterpriseVC.m; sourceTree = "<group>"; };
		E8693B0B1F04F47700772BC1 /* My.storyboard */ = {isa = PBXFileReference; fileEncoding = 4; lastKnownFileType = file.storyboard; path = My.storyboard; sourceTree = "<group>"; };
		E8693B0D1F04F90E00772BC1 /* WOTMainVC.h */ = {isa = PBXFileReference; fileEncoding = 4; lastKnownFileType = sourcecode.c.h; path = WOTMainVC.h; sourceTree = "<group>"; };
		E8693B0E1F04F90E00772BC1 /* WOTMainVC.m */ = {isa = PBXFileReference; fileEncoding = 4; lastKnownFileType = sourcecode.c.objc; path = WOTMainVC.m; sourceTree = "<group>"; };
		E8693B101F04F92C00772BC1 /* spaceMain.storyboard */ = {isa = PBXFileReference; fileEncoding = 4; lastKnownFileType = file.storyboard; path = spaceMain.storyboard; sourceTree = "<group>"; };
		E8693B121F05061500772BC1 /* WOTServiceVC.h */ = {isa = PBXFileReference; fileEncoding = 4; lastKnownFileType = sourcecode.c.h; path = WOTServiceVC.h; sourceTree = "<group>"; };
		E8693B131F05061500772BC1 /* WOTServiceVC.m */ = {isa = PBXFileReference; fileEncoding = 4; lastKnownFileType = sourcecode.c.objc; path = WOTServiceVC.m; sourceTree = "<group>"; };
		E8693B151F05062D00772BC1 /* WOTSocialcontact.h */ = {isa = PBXFileReference; fileEncoding = 4; lastKnownFileType = sourcecode.c.h; path = WOTSocialcontact.h; sourceTree = "<group>"; };
		E8693B161F05062D00772BC1 /* WOTSocialcontact.m */ = {isa = PBXFileReference; fileEncoding = 4; lastKnownFileType = sourcecode.c.objc; path = WOTSocialcontact.m; sourceTree = "<group>"; };
		E8693B181F05100800772BC1 /* WOTSocialcontactNaviController.h */ = {isa = PBXFileReference; fileEncoding = 4; lastKnownFileType = sourcecode.c.h; path = WOTSocialcontactNaviController.h; sourceTree = "<group>"; };
		E8693B191F05100800772BC1 /* WOTSocialcontactNaviController.m */ = {isa = PBXFileReference; fileEncoding = 4; lastKnownFileType = sourcecode.c.objc; path = WOTSocialcontactNaviController.m; sourceTree = "<group>"; };
		E8693B1B1F05143800772BC1 /* WOTServiceNaviController.h */ = {isa = PBXFileReference; fileEncoding = 4; lastKnownFileType = sourcecode.c.h; path = WOTServiceNaviController.h; sourceTree = "<group>"; };
		E8693B1C1F05143800772BC1 /* WOTServiceNaviController.m */ = {isa = PBXFileReference; fileEncoding = 4; lastKnownFileType = sourcecode.c.objc; path = WOTServiceNaviController.m; sourceTree = "<group>"; };
		E88A543E1F03794800AD3F57 /* XXPageTabItemLable.h */ = {isa = PBXFileReference; fileEncoding = 4; lastKnownFileType = sourcecode.c.h; path = XXPageTabItemLable.h; sourceTree = "<group>"; };
		E88A543F1F03794800AD3F57 /* XXPageTabItemLable.m */ = {isa = PBXFileReference; fileEncoding = 4; lastKnownFileType = sourcecode.c.objc; path = XXPageTabItemLable.m; sourceTree = "<group>"; };
		E88A54401F03794800AD3F57 /* XXPageTabView.h */ = {isa = PBXFileReference; fileEncoding = 4; lastKnownFileType = sourcecode.c.h; path = XXPageTabView.h; sourceTree = "<group>"; };
		E88A54411F03794800AD3F57 /* XXPageTabView.m */ = {isa = PBXFileReference; fileEncoding = 4; lastKnownFileType = sourcecode.c.objc; path = XXPageTabView.m; sourceTree = "<group>"; };
		E88A54441F039D4500AD3F57 /* WOTConfigThemeUitls.h */ = {isa = PBXFileReference; fileEncoding = 4; lastKnownFileType = sourcecode.c.h; path = WOTConfigThemeUitls.h; sourceTree = "<group>"; };
		E88A54451F039D4500AD3F57 /* WOTConfigThemeUitls.m */ = {isa = PBXFileReference; fileEncoding = 4; lastKnownFileType = sourcecode.c.objc; path = WOTConfigThemeUitls.m; sourceTree = "<group>"; };
		E88A54471F03A64B00AD3F57 /* WOTAllOrderListVC.h */ = {isa = PBXFileReference; fileEncoding = 4; lastKnownFileType = sourcecode.c.h; path = WOTAllOrderListVC.h; sourceTree = "<group>"; };
		E88A54481F03A64B00AD3F57 /* WOTAllOrderListVC.m */ = {isa = PBXFileReference; fileEncoding = 4; lastKnownFileType = sourcecode.c.objc; path = WOTAllOrderListVC.m; sourceTree = "<group>"; };
		E8D89D721F06021B00FFFFDE /* PFAxisDirection.h */ = {isa = PBXFileReference; fileEncoding = 4; lastKnownFileType = sourcecode.c.h; path = PFAxisDirection.h; sourceTree = "<group>"; };
		E8D89D731F06021B00FFFFDE /* PFGoldenSectionSpiral.h */ = {isa = PBXFileReference; fileEncoding = 4; lastKnownFileType = sourcecode.c.h; path = PFGoldenSectionSpiral.h; sourceTree = "<group>"; };
		E8D89D741F06021B00FFFFDE /* PFGoldenSectionSpiral.m */ = {isa = PBXFileReference; fileEncoding = 4; lastKnownFileType = sourcecode.c.objc; path = PFGoldenSectionSpiral.m; sourceTree = "<group>"; };
		E8D89D751F06021B00FFFFDE /* PFMatrix.h */ = {isa = PBXFileReference; fileEncoding = 4; lastKnownFileType = sourcecode.c.h; path = PFMatrix.h; sourceTree = "<group>"; };
		E8D89D761F06021B00FFFFDE /* PFMatrixTransform.h */ = {isa = PBXFileReference; fileEncoding = 4; lastKnownFileType = sourcecode.c.h; path = PFMatrixTransform.h; sourceTree = "<group>"; };
		E8D89D771F06021B00FFFFDE /* PFPoint.h */ = {isa = PBXFileReference; fileEncoding = 4; lastKnownFileType = sourcecode.c.h; path = PFPoint.h; sourceTree = "<group>"; };
		E8D89D781F06021B00FFFFDE /* PFRadian.h */ = {isa = PBXFileReference; fileEncoding = 4; lastKnownFileType = sourcecode.c.h; path = PFRadian.h; sourceTree = "<group>"; };
		E8D89D791F06021B00FFFFDE /* ZYQSphereView.h */ = {isa = PBXFileReference; fileEncoding = 4; lastKnownFileType = sourcecode.c.h; path = ZYQSphereView.h; sourceTree = "<group>"; };
		E8D89D7A1F06021B00FFFFDE /* ZYQSphereView.m */ = {isa = PBXFileReference; fileEncoding = 4; lastKnownFileType = sourcecode.c.objc; path = ZYQSphereView.m; sourceTree = "<group>"; };
		E8D89D821F06136000FFFFDE /* WOTWorkSpace_Prefix.pch */ = {isa = PBXFileReference; fileEncoding = 4; lastKnownFileType = sourcecode.c.h; path = WOTWorkSpace_Prefix.pch; sourceTree = "<group>"; };
		E8D89D841F0637A700FFFFDE /* NewPagedFlowView.h */ = {isa = PBXFileReference; fileEncoding = 4; lastKnownFileType = sourcecode.c.h; path = NewPagedFlowView.h; sourceTree = "<group>"; };
		E8D89D851F0637A700FFFFDE /* NewPagedFlowView.m */ = {isa = PBXFileReference; fileEncoding = 4; lastKnownFileType = sourcecode.c.objc; path = NewPagedFlowView.m; sourceTree = "<group>"; };
		E8D89D861F0637A700FFFFDE /* PGIndexBannerSubiew.h */ = {isa = PBXFileReference; fileEncoding = 4; lastKnownFileType = sourcecode.c.h; path = PGIndexBannerSubiew.h; sourceTree = "<group>"; };
		E8D89D871F0637A700FFFFDE /* PGIndexBannerSubiew.m */ = {isa = PBXFileReference; fileEncoding = 4; lastKnownFileType = sourcecode.c.objc; path = PGIndexBannerSubiew.m; sourceTree = "<group>"; };
		E8D89D8A1F06481D00FFFFDE /* WOTMyuserCell.h */ = {isa = PBXFileReference; fileEncoding = 4; lastKnownFileType = sourcecode.c.h; path = WOTMyuserCell.h; sourceTree = "<group>"; };
		E8D89D8B1F06481D00FFFFDE /* WOTMyuserCell.m */ = {isa = PBXFileReference; fileEncoding = 4; lastKnownFileType = sourcecode.c.objc; path = WOTMyuserCell.m; sourceTree = "<group>"; };
		E8D89D8C1F06481D00FFFFDE /* WOTMyuserCell.xib */ = {isa = PBXFileReference; fileEncoding = 4; lastKnownFileType = file.xib; path = WOTMyuserCell.xib; sourceTree = "<group>"; };
		E8EACF711F033D3E0015535D /* UIViewController+Extension.h */ = {isa = PBXFileReference; fileEncoding = 4; lastKnownFileType = sourcecode.c.h; path = "UIViewController+Extension.h"; sourceTree = "<group>"; };
		E8EACF721F033D3E0015535D /* UIViewController+Extension.m */ = {isa = PBXFileReference; fileEncoding = 4; lastKnownFileType = sourcecode.c.objc; path = "UIViewController+Extension.m"; sourceTree = "<group>"; };
		E8EACF7C1F0344EC0015535D /* WOTPageMenuParentVC.h */ = {isa = PBXFileReference; fileEncoding = 4; lastKnownFileType = sourcecode.c.h; path = WOTPageMenuParentVC.h; sourceTree = "<group>"; };
		E8EACF7D1F0344EC0015535D /* WOTPageMenuParentVC.m */ = {isa = PBXFileReference; fileEncoding = 4; lastKnownFileType = sourcecode.c.objc; path = WOTPageMenuParentVC.m; sourceTree = "<group>"; };
		E8EACF8B1F034C9E0015535D /* WOTEnums.h */ = {isa = PBXFileReference; lastKnownFileType = sourcecode.c.h; path = WOTEnums.h; sourceTree = "<group>"; };
		E8EACF8D1F035A990015535D /* WOTOrderLIstVC.h */ = {isa = PBXFileReference; fileEncoding = 4; lastKnownFileType = sourcecode.c.h; path = WOTOrderLIstVC.h; sourceTree = "<group>"; };
		E8EACF8E1F035A990015535D /* WOTOrderLIstVC.m */ = {isa = PBXFileReference; fileEncoding = 4; lastKnownFileType = sourcecode.c.objc; path = WOTOrderLIstVC.m; sourceTree = "<group>"; };
		E8EACF901F035A990015535D /* WOTSettingVC.h */ = {isa = PBXFileReference; fileEncoding = 4; lastKnownFileType = sourcecode.c.h; path = WOTSettingVC.h; sourceTree = "<group>"; };
		E8EACF911F035A990015535D /* WOTSettingVC.m */ = {isa = PBXFileReference; fileEncoding = 4; lastKnownFileType = sourcecode.c.objc; path = WOTSettingVC.m; sourceTree = "<group>"; };
		E8EACF941F035ABA0015535D /* WOTOrderLIstBaseVC.h */ = {isa = PBXFileReference; fileEncoding = 4; lastKnownFileType = sourcecode.c.h; path = WOTOrderLIstBaseVC.h; sourceTree = "<group>"; };
		E8EACF951F035ABA0015535D /* WOTOrderLIstBaseVC.m */ = {isa = PBXFileReference; fileEncoding = 4; lastKnownFileType = sourcecode.c.objc; path = WOTOrderLIstBaseVC.m; sourceTree = "<group>"; };
		EFC264D6C897C120A10B700D /* libPods-WOTWorkSpaceUITests.a */ = {isa = PBXFileReference; explicitFileType = archive.ar; includeInIndex = 0; path = "libPods-WOTWorkSpaceUITests.a"; sourceTree = BUILT_PRODUCTS_DIR; };
		FB0D65BEE3DC0196385560AF /* Pods-WOTWorkSpaceUITests.release.xcconfig */ = {isa = PBXFileReference; includeInIndex = 1; lastKnownFileType = text.xcconfig; name = "Pods-WOTWorkSpaceUITests.release.xcconfig"; path = "Pods/Target Support Files/Pods-WOTWorkSpaceUITests/Pods-WOTWorkSpaceUITests.release.xcconfig"; sourceTree = "<group>"; };
/* End PBXFileReference section */

/* Begin PBXFrameworksBuildPhase section */
		E85A85811F0201F30016FCA1 /* Frameworks */ = {
			isa = PBXFrameworksBuildPhase;
			buildActionMask = 2147483647;
			files = (
				59BB1AF86E21AC99D91DDCE6 /* libPods-WOTWorkSpace.a in Frameworks */,
			);
			runOnlyForDeploymentPostprocessing = 0;
		};
		E85A859D1F0201F30016FCA1 /* Frameworks */ = {
			isa = PBXFrameworksBuildPhase;
			buildActionMask = 2147483647;
			files = (
				0DA2DEE8BB52DB960AA913FE /* libPods-WOTWorkSpaceTests.a in Frameworks */,
			);
			runOnlyForDeploymentPostprocessing = 0;
		};
		E85A85A81F0201F30016FCA1 /* Frameworks */ = {
			isa = PBXFrameworksBuildPhase;
			buildActionMask = 2147483647;
			files = (
				97D06A114DB42F1134696656 /* libPods-WOTWorkSpaceUITests.a in Frameworks */,
			);
			runOnlyForDeploymentPostprocessing = 0;
		};
/* End PBXFrameworksBuildPhase section */

/* Begin PBXGroup section */
		63E1B3438CEAB5852577169B /* Pods */ = {
			isa = PBXGroup;
			children = (
				3AD4D44235E619477B1F5D13 /* Pods-WOTWorkSpace.debug.xcconfig */,
				D0639BAED3DA088A5423E46F /* Pods-WOTWorkSpace.release.xcconfig */,
				AFD7419E0440D789E522F1B2 /* Pods-WOTWorkSpaceTests.debug.xcconfig */,
				157AADE7023AC29418E68C7A /* Pods-WOTWorkSpaceTests.release.xcconfig */,
				3704D94D4A02A54BFD2A96B0 /* Pods-WOTWorkSpaceUITests.debug.xcconfig */,
				FB0D65BEE3DC0196385560AF /* Pods-WOTWorkSpaceUITests.release.xcconfig */,
			);
			name = Pods;
			sourceTree = "<group>";
		};
		9809956DAB35897C197FBC1E /* Frameworks */ = {
			isa = PBXGroup;
			children = (
				D773A878FA3518662358C7A0 /* libPods-WOTWorkSpace.a */,
				61996A58C52879228CF28B28 /* libPods-WOTWorkSpaceTests.a */,
				EFC264D6C897C120A10B700D /* libPods-WOTWorkSpaceUITests.a */,
			);
			name = Frameworks;
			sourceTree = "<group>";
		};
		E85A857B1F0201F30016FCA1 = {
			isa = PBXGroup;
			children = (
				E85A85861F0201F30016FCA1 /* WOTWorkSpace */,
				E85A85A31F0201F30016FCA1 /* WOTWorkSpaceTests */,
				E85A85AE1F0201F30016FCA1 /* WOTWorkSpaceUITests */,
				E85A85851F0201F30016FCA1 /* Products */,
				63E1B3438CEAB5852577169B /* Pods */,
				9809956DAB35897C197FBC1E /* Frameworks */,
			);
			sourceTree = "<group>";
		};
		E85A85851F0201F30016FCA1 /* Products */ = {
			isa = PBXGroup;
			children = (
				E85A85841F0201F30016FCA1 /* WOTWorkSpace.app */,
				E85A85A01F0201F30016FCA1 /* WOTWorkSpaceTests.xctest */,
				E85A85AB1F0201F30016FCA1 /* WOTWorkSpaceUITests.xctest */,
			);
			name = Products;
			sourceTree = "<group>";
		};
		E85A85861F0201F30016FCA1 /* WOTWorkSpace */ = {
			isa = PBXGroup;
			children = (
				E85A860B1F0233270016FCA1 /* Uitls */,
				E85A85BD1F0202450016FCA1 /* common */,
				E85A85BF1F0202450016FCA1 /* librarys */,
				E85A85DB1F0202460016FCA1 /* libs */,
				E85A85E11F0202460016FCA1 /* models */,
				E85A85E21F0202460016FCA1 /* storyboards */,
				E85A85E31F0202460016FCA1 /* viewControllers */,
				E85A85EC1F0202460016FCA1 /* views */,
				E85A858A1F0201F30016FCA1 /* AppDelegate.h */,
				E85A858B1F0201F30016FCA1 /* AppDelegate.m */,
				E85A858D1F0201F30016FCA1 /* ViewController.h */,
				E85A858E1F0201F30016FCA1 /* ViewController.m */,
				E85A85901F0201F30016FCA1 /* Main.storyboard */,
				E85A85961F0201F30016FCA1 /* Assets.xcassets */,
				E85A85981F0201F30016FCA1 /* LaunchScreen.storyboard */,
				E85A859B1F0201F30016FCA1 /* Info.plist */,
				E85A85931F0201F30016FCA1 /* WOTWorkSpace.xcdatamodeld */,
				E85A85871F0201F30016FCA1 /* Supporting Files */,
			);
			path = WOTWorkSpace;
			sourceTree = "<group>";
		};
		E85A85871F0201F30016FCA1 /* Supporting Files */ = {
			isa = PBXGroup;
			children = (
				E85A85881F0201F30016FCA1 /* main.m */,
			);
			name = "Supporting Files";
			sourceTree = "<group>";
		};
		E85A85A31F0201F30016FCA1 /* WOTWorkSpaceTests */ = {
			isa = PBXGroup;
			children = (
				E85A85A41F0201F30016FCA1 /* WOTWorkSpaceTests.m */,
				E85A85A61F0201F30016FCA1 /* Info.plist */,
			);
			path = WOTWorkSpaceTests;
			sourceTree = "<group>";
		};
		E85A85AE1F0201F30016FCA1 /* WOTWorkSpaceUITests */ = {
			isa = PBXGroup;
			children = (
				E85A85AF1F0201F30016FCA1 /* WOTWorkSpaceUITests.m */,
				E85A85B11F0201F30016FCA1 /* Info.plist */,
			);
			path = WOTWorkSpaceUITests;
			sourceTree = "<group>";
		};
		E85A85BD1F0202450016FCA1 /* common */ = {
			isa = PBXGroup;
			children = (
				E85032D21F0B477F00E79257 /* WOTSingtleton.h */,
				E85032D31F0B477F00E79257 /* WOTSingtleton.m */,
				E8D89D821F06136000FFFFDE /* WOTWorkSpace_Prefix.pch */,
				E85A85BE1F0202450016FCA1 /* header.h */,
				E85A86011F0206730016FCA1 /* WOTConstants.h */,
				E8EACF8B1F034C9E0015535D /* WOTEnums.h */,
				2AF78CE11F09F8F900F7B56D /* ServiceCategory.plist */,
			);
			path = common;
			sourceTree = "<group>";
		};
		E85A85BF1F0202450016FCA1 /* librarys */ = {
			isa = PBXGroup;
			children = (
				E85A85C01F0202450016FCA1 /* Masonry */,
				E85A85D81F0202460016FCA1 /* MBProgressHUD */,
			);
			path = librarys;
			sourceTree = "<group>";
		};
		E85A85C01F0202450016FCA1 /* Masonry */ = {
			isa = PBXGroup;
			children = (
				E85A85C11F0202450016FCA1 /* MASCompositeConstraint.h */,
				E85A85C21F0202450016FCA1 /* MASCompositeConstraint.m */,
				E85A85C31F0202450016FCA1 /* MASConstraint+Private.h */,
				E85A85C41F0202450016FCA1 /* MASConstraint.h */,
				E85A85C51F0202450016FCA1 /* MASConstraint.m */,
				E85A85C61F0202450016FCA1 /* MASConstraintMaker.h */,
				E85A85C71F0202450016FCA1 /* MASConstraintMaker.m */,
				E85A85C81F0202450016FCA1 /* MASLayoutConstraint.h */,
				E85A85C91F0202450016FCA1 /* MASLayoutConstraint.m */,
				E85A85CA1F0202450016FCA1 /* Masonry.h */,
				E85A85CB1F0202450016FCA1 /* MASUtilities.h */,
				E85A85CC1F0202450016FCA1 /* MASViewAttribute.h */,
				E85A85CD1F0202450016FCA1 /* MASViewAttribute.m */,
				E85A85CE1F0202450016FCA1 /* MASViewConstraint.h */,
				E85A85CF1F0202450016FCA1 /* MASViewConstraint.m */,
				E85A85D01F0202450016FCA1 /* NSArray+MASAdditions.h */,
				E85A85D11F0202450016FCA1 /* NSArray+MASAdditions.m */,
				E85A85D21F0202450016FCA1 /* NSArray+MASShorthandAdditions.h */,
				E85A85D31F0202450016FCA1 /* NSLayoutConstraint+MASDebugAdditions.h */,
				E85A85D41F0202460016FCA1 /* NSLayoutConstraint+MASDebugAdditions.m */,
				E85A85D51F0202460016FCA1 /* View+MASAdditions.h */,
				E85A85D61F0202460016FCA1 /* View+MASAdditions.m */,
				E85A85D71F0202460016FCA1 /* View+MASShorthandAdditions.h */,
			);
			path = Masonry;
			sourceTree = "<group>";
		};
		E85A85D81F0202460016FCA1 /* MBProgressHUD */ = {
			isa = PBXGroup;
			children = (
				E85A85D91F0202460016FCA1 /* MBProgressHUD.h */,
				E85A85DA1F0202460016FCA1 /* MBProgressHUD.m */,
			);
			path = MBProgressHUD;
			sourceTree = "<group>";
		};
		E85A85DB1F0202460016FCA1 /* libs */ = {
			isa = PBXGroup;
			children = (
				E85A85DC1F0202460016FCA1 /* MBProgressHUD */,
			);
			path = libs;
			sourceTree = "<group>";
		};
		E85A85DC1F0202460016FCA1 /* MBProgressHUD */ = {
			isa = PBXGroup;
			children = (
				E85A85DD1F0202460016FCA1 /* MBProgressHUD+Add.h */,
				E85A85DE1F0202460016FCA1 /* MBProgressHUD+Add.m */,
				E85A85DF1F0202460016FCA1 /* MBProgressHUDUtil.h */,
				E85A85E01F0202460016FCA1 /* MBProgressHUDUtil.m */,
			);
			path = MBProgressHUD;
			sourceTree = "<group>";
		};
		E85A85E11F0202460016FCA1 /* models */ = {
			isa = PBXGroup;
			children = (
				E8693ADF1F04A96200772BC1 /* WOTStationOrder.h */,
				E8693AE01F04A96200772BC1 /* WOTStationOrder.m */,
			);
			path = models;
			sourceTree = "<group>";
		};
		E85A85E21F0202460016FCA1 /* storyboards */ = {
			isa = PBXGroup;
			children = (
				E8693B0B1F04F47700772BC1 /* My.storyboard */,
				E8693B101F04F92C00772BC1 /* spaceMain.storyboard */,
				2AF83EE71F05FB92000AE733 /* Service.storyboard */,
			);
			path = storyboards;
			sourceTree = "<group>";
		};
		E85A85E31F0202460016FCA1 /* viewControllers */ = {
			isa = PBXGroup;
			children = (
				E8693AE61F04B1BB00772BC1 /* socialcontact */,
				E85A85E41F0202460016FCA1 /* common */,
				E85A85E71F0202460016FCA1 /* main */,
				E85A85E81F0202460016FCA1 /* my */,
				E85A85EB1F0202460016FCA1 /* service */,
			);
			path = viewControllers;
			sourceTree = "<group>";
		};
		E85A85E41F0202460016FCA1 /* common */ = {
			isa = PBXGroup;
			children = (
				E85A85FB1F0202B10016FCA1 /* WOTTabBarVCViewController.h */,
				E85A85FC1F0202B10016FCA1 /* WOTTabBarVCViewController.m */,
				E85A86191F0252F20016FCA1 /* WOTBaseNavigationController.h */,
				E85A861A1F0252F20016FCA1 /* WOTBaseNavigationController.m */,
				E8EACF7C1F0344EC0015535D /* WOTPageMenuParentVC.h */,
				E8EACF7D1F0344EC0015535D /* WOTPageMenuParentVC.m */,
			);
			path = common;
			sourceTree = "<group>";
		};
		E85A85E71F0202460016FCA1 /* main */ = {
			isa = PBXGroup;
			children = (
				E85032C91F0B476900E79257 /* WOTMainNavigationController.h */,
				E85032CA1F0B476900E79257 /* WOTMainNavigationController.m */,
				E85032CB1F0B476900E79257 /* WOTworkSpaceDetailVC.h */,
				E85032CC1F0B476900E79257 /* WOTworkSpaceDetailVC.m */,
				E85032CD1F0B476900E79257 /* WOTworkSpaceLIstVC.h */,
				E85032CE1F0B476900E79257 /* WOTworkSpaceLIstVC.m */,
				E8693B0D1F04F90E00772BC1 /* WOTMainVC.h */,
				E8693B0E1F04F90E00772BC1 /* WOTMainVC.m */,
			);
			path = main;
			sourceTree = "<group>";
		};
		E85A85E81F0202460016FCA1 /* my */ = {
			isa = PBXGroup;
			children = (
				E8693AE21F04AE9200772BC1 /* enterprise */,
				E8EACF8C1F035A990015535D /* order */,
				E8EACF8F1F035A990015535D /* setting */,
				E85A85FE1F0202F40016FCA1 /* WOTMyVC.h */,
				E85A85FF1F0202F40016FCA1 /* WOTMyVC.m */,
				E85A86081F022D6C0016FCA1 /* WOTMyNaviController.h */,
				E85A86091F022D6C0016FCA1 /* WOTMyNaviController.m */,
			);
			path = my;
			sourceTree = "<group>";
		};
		E85A85EB1F0202460016FCA1 /* service */ = {
			isa = PBXGroup;
			children = (
				E8693B121F05061500772BC1 /* WOTServiceVC.h */,
				E8693B131F05061500772BC1 /* WOTServiceVC.m */,
				2AF78CDB1F09EA1100F7B56D /* WOTRegisterServiceProvidersVC.h */,
				2AF78CDC1F09EA1100F7B56D /* WOTRegisterServiceProvidersVC.m */,
				2AF78CE91F0A0E6B00F7B56D /* WOTServiceProvidersCategoryVC.h */,
				2AF78CEA1F0A0E6B00F7B56D /* WOTServiceProvidersCategoryVC.m */,
				2AF78CEC1F0A39E800F7B56D /* WOTGETServiceViewController.h */,
				2AF78CED1F0A39E800F7B56D /* WOTGETServiceViewController.m */,
				2AF78CEF1F0A3B7000F7B56D /* WOTVisitorsAppointmentVC.h */,
				2AF78CF01F0A3B7000F7B56D /* WOTVisitorsAppointmentVC.m */,
				2AF78CF21F0A3DCB00F7B56D /* WOTMaintenanceApplyVC.h */,
				2AF78CF31F0A3DCB00F7B56D /* WOTMaintenanceApplyVC.m */,
				2AF78CF51F0A3EFA00F7B56D /* WOTFeedbackVC.h */,
				2AF78CF61F0A3EFA00F7B56D /* WOTFeedbackVC.m */,
				E8693B1B1F05143800772BC1 /* WOTServiceNaviController.h */,
				E8693B1C1F05143800772BC1 /* WOTServiceNaviController.m */,
			);
			path = service;
			sourceTree = "<group>";
		};
		E85A85EC1F0202460016FCA1 /* views */ = {
			isa = PBXGroup;
			children = (
				E8EACF741F0344A50015535D /* library */,
				E85A86021F021E4F0016FCA1 /* cell */,
				E85A86031F021E4F0016FCA1 /* viewController */,
				E85A86041F021E4F0016FCA1 /* views */,
			);
			path = views;
			sourceTree = "<group>";
		};
		E85A86021F021E4F0016FCA1 /* cell */ = {
			isa = PBXGroup;
			children = (
				E8693AE71F04B1E600772BC1 /* main */,
				E8693AE81F04B1E600772BC1 /* my */,
				E8693AF61F04B1E600772BC1 /* service */,
				E8693AF71F04B1E600772BC1 /* socialcontact */,
			);
			path = cell;
			sourceTree = "<group>";
		};
		E85A86031F021E4F0016FCA1 /* viewController */ = {
			isa = PBXGroup;
			children = (
			);
			path = viewController;
			sourceTree = "<group>";
		};
		E85A86041F021E4F0016FCA1 /* views */ = {
			isa = PBXGroup;
			children = (
			);
			path = views;
			sourceTree = "<group>";
		};
		E85A860B1F0233270016FCA1 /* Uitls */ = {
			isa = PBXGroup;
			children = (
				E8588CE51F0B27F900951105 /* NSString+Category.h */,
				E8588CE61F0B27F900951105 /* NSString+Category.m */,
				E8588CE71F0B27F900951105 /* NSString+URL.h */,
				E8588CE81F0B27F900951105 /* NSString+URL.m */,
				E8EACF711F033D3E0015535D /* UIViewController+Extension.h */,
				E8EACF721F033D3E0015535D /* UIViewController+Extension.m */,
				E88A54441F039D4500AD3F57 /* WOTConfigThemeUitls.h */,
				E88A54451F039D4500AD3F57 /* WOTConfigThemeUitls.m */,
				E8693ADC1F049C6300772BC1 /* UItableView+Extension.h */,
				E8693ADD1F049C6300772BC1 /* UItableView+Extension.m */,
				E82D5FB01F07DDCA003EF0AE /* UIView+Extension.h */,
				E82D5FB11F07DDCA003EF0AE /* UIView+Extension.m */,
				E82D5FB31F07DECE003EF0AE /* UIImage+Extension.h */,
				E82D5FB41F07DECE003EF0AE /* UIImage+Extension.m */,
			);
			path = Uitls;
			sourceTree = "<group>";
		};
		E8693AE21F04AE9200772BC1 /* enterprise */ = {
			isa = PBXGroup;
			children = (
				E8693AE31F04AEB900772BC1 /* WORTMyEnterpriseVC.h */,
				E8693AE41F04AEB900772BC1 /* WORTMyEnterpriseVC.m */,
				E8693B081F04C45100772BC1 /* WOTCreateEnterpriseVC.h */,
				E8693B091F04C45100772BC1 /* WOTCreateEnterpriseVC.m */,
			);
			path = enterprise;
			sourceTree = "<group>";
		};
		E8693AE61F04B1BB00772BC1 /* socialcontact */ = {
			isa = PBXGroup;
			children = (
				E8693B151F05062D00772BC1 /* WOTSocialcontact.h */,
				E8693B161F05062D00772BC1 /* WOTSocialcontact.m */,
				E8693B181F05100800772BC1 /* WOTSocialcontactNaviController.h */,
				E8693B191F05100800772BC1 /* WOTSocialcontactNaviController.m */,
			);
			path = socialcontact;
			sourceTree = "<group>";
		};
		E8693AE71F04B1E600772BC1 /* main */ = {
			isa = PBXGroup;
			children = (
			);
			path = main;
			sourceTree = "<group>";
		};
		E8693AE81F04B1E600772BC1 /* my */ = {
			isa = PBXGroup;
			children = (
				E8693AE91F04B1E600772BC1 /* WOTMyCell.h */,
				E8693AEA1F04B1E600772BC1 /* WOTMyCell.m */,
				E8693AEB1F04B1E600772BC1 /* WOTMycommonCell.h */,
				E8693AEC1F04B1E600772BC1 /* WOTMycommonCell.m */,
				E8693AED1F04B1E600772BC1 /* WOTMyOrderCell.h */,
				E8693AEE1F04B1E600772BC1 /* WOTMyOrderCell.m */,
				E8693AEF1F04B1E600772BC1 /* WOTMyOrderCell.xib */,
				E8693AF01F04B1E600772BC1 /* WOTOrderCell.h */,
				E8693AF11F04B1E600772BC1 /* WOTOrderCell.m */,
				E8693AF21F04B1E600772BC1 /* WOTOrderCell.xib */,
				E8693AF31F04B1E600772BC1 /* WOTSettingCell.h */,
				E8693AF41F04B1E600772BC1 /* WOTSettingCell.m */,
				E8693AF51F04B1E600772BC1 /* WOTSettingCell.xib */,
				E8693B001F04B24200772BC1 /* WOTMyEnterPriseCell.h */,
				E8693B011F04B24200772BC1 /* WOTMyEnterPriseCell.m */,
				E8693B021F04B24200772BC1 /* WOTMyEnterPriseCell.xib */,
				E8D89D8A1F06481D00FFFFDE /* WOTMyuserCell.h */,
				E8D89D8B1F06481D00FFFFDE /* WOTMyuserCell.m */,
				E8D89D8C1F06481D00FFFFDE /* WOTMyuserCell.xib */,
			);
			path = my;
			sourceTree = "<group>";
		};
		E8693AF61F04B1E600772BC1 /* service */ = {
			isa = PBXGroup;
			children = (
				2AF83EEC1F0651A1000AE733 /* WOTServiceProvidersApplyCell.h */,
				2AF83EED1F0651A1000AE733 /* WOTServiceProvidersApplyCell.m */,
				2AF78CDE1F09F66A00F7B56D /* WOTRegisterServiceProvidersCell.h */,
				2AF78CDF1F09F66A00F7B56D /* WOTRegisterServiceProvidersCell.m */,
				2AF78CE31F0A0DF400F7B56D /* WOTServiceProvidersCell.h */,
				2AF78CE41F0A0DF400F7B56D /* WOTServiceProvidersCell.m */,
				2AF78CE61F0A0E3100F7B56D /* WOTServiceProvidersCategoryCell.h */,
				2AF78CE71F0A0E3100F7B56D /* WOTServiceProvidersCategoryCell.m */,
				2AF78CFE1F0A61FF00F7B56D /* WOTGETServiceCell.h */,
				2AF78CFF1F0A61FF00F7B56D /* WOTGETServiceCell.m */,
				2AF78CF81F0A424300F7B56D /* WOTVisitorsAppointmentCell.h */,
				2AF78CF91F0A424300F7B56D /* WOTVisitorsAppointmentCell.m */,
				2AF78CFB1F0A42B100F7B56D /* WOTVisitTypeCell.h */,
				2AF78CFC1F0A42B100F7B56D /* WOTVisitTypeCell.m */,
			);
			path = service;
			sourceTree = "<group>";
		};
		E8693AF71F04B1E600772BC1 /* socialcontact */ = {
			isa = PBXGroup;
			children = (
			);
			path = socialcontact;
			sourceTree = "<group>";
		};
		E88A543D1F03794800AD3F57 /* XXPageTab */ = {
			isa = PBXGroup;
			children = (
				E88A543E1F03794800AD3F57 /* XXPageTabItemLable.h */,
				E88A543F1F03794800AD3F57 /* XXPageTabItemLable.m */,
				E88A54401F03794800AD3F57 /* XXPageTabView.h */,
				E88A54411F03794800AD3F57 /* XXPageTabView.m */,
			);
			path = XXPageTab;
			sourceTree = "<group>";
		};
		E8D89D711F06021B00FFFFDE /* SphereView */ = {
			isa = PBXGroup;
			children = (
				E8D89D721F06021B00FFFFDE /* PFAxisDirection.h */,
				E8D89D731F06021B00FFFFDE /* PFGoldenSectionSpiral.h */,
				E8D89D741F06021B00FFFFDE /* PFGoldenSectionSpiral.m */,
				E8D89D751F06021B00FFFFDE /* PFMatrix.h */,
				E8D89D761F06021B00FFFFDE /* PFMatrixTransform.h */,
				E8D89D771F06021B00FFFFDE /* PFPoint.h */,
				E8D89D781F06021B00FFFFDE /* PFRadian.h */,
				E8D89D791F06021B00FFFFDE /* ZYQSphereView.h */,
				E8D89D7A1F06021B00FFFFDE /* ZYQSphereView.m */,
			);
			path = SphereView;
			sourceTree = "<group>";
		};
		E8D89D831F0637A700FFFFDE /* pagedFlowView */ = {
			isa = PBXGroup;
			children = (
				E8D89D841F0637A700FFFFDE /* NewPagedFlowView.h */,
				E8D89D851F0637A700FFFFDE /* NewPagedFlowView.m */,
				E8D89D861F0637A700FFFFDE /* PGIndexBannerSubiew.h */,
				E8D89D871F0637A700FFFFDE /* PGIndexBannerSubiew.m */,
			);
			path = pagedFlowView;
			sourceTree = "<group>";
		};
		E8EACF741F0344A50015535D /* library */ = {
			isa = PBXGroup;
			children = (
				E8D89D831F0637A700FFFFDE /* pagedFlowView */,
				E8D89D711F06021B00FFFFDE /* SphereView */,
				E88A543D1F03794800AD3F57 /* XXPageTab */,
			);
			path = library;
			sourceTree = "<group>";
		};
		E8EACF8C1F035A990015535D /* order */ = {
			isa = PBXGroup;
			children = (
				E8EACF8D1F035A990015535D /* WOTOrderLIstVC.h */,
				E8EACF8E1F035A990015535D /* WOTOrderLIstVC.m */,
				E8EACF941F035ABA0015535D /* WOTOrderLIstBaseVC.h */,
				E8EACF951F035ABA0015535D /* WOTOrderLIstBaseVC.m */,
				E88A54471F03A64B00AD3F57 /* WOTAllOrderListVC.h */,
				E88A54481F03A64B00AD3F57 /* WOTAllOrderListVC.m */,
				E8693AD91F049A6B00772BC1 /* WOTSearchVC.h */,
				E8693ADA1F049A6B00772BC1 /* WOTSearchVC.m */,
			);
			path = order;
			sourceTree = "<group>";
		};
		E8EACF8F1F035A990015535D /* setting */ = {
			isa = PBXGroup;
			children = (
				E8EACF901F035A990015535D /* WOTSettingVC.h */,
				E8EACF911F035A990015535D /* WOTSettingVC.m */,
			);
			path = setting;
			sourceTree = "<group>";
		};
/* End PBXGroup section */

/* Begin PBXNativeTarget section */
		E85A85831F0201F30016FCA1 /* WOTWorkSpace */ = {
			isa = PBXNativeTarget;
			buildConfigurationList = E85A85B41F0201F30016FCA1 /* Build configuration list for PBXNativeTarget "WOTWorkSpace" */;
			buildPhases = (
				C8A633B506C111B121D3FECC /* [CP] Check Pods Manifest.lock */,
				E85A85801F0201F30016FCA1 /* Sources */,
				E85A85811F0201F30016FCA1 /* Frameworks */,
				E85A85821F0201F30016FCA1 /* Resources */,
				CD490373BD6421CCE8FFF0C5 /* [CP] Embed Pods Frameworks */,
				621724E8693AD8285FFA8298 /* [CP] Copy Pods Resources */,
			);
			buildRules = (
			);
			dependencies = (
			);
			name = WOTWorkSpace;
			productName = WOTWorkSpace;
			productReference = E85A85841F0201F30016FCA1 /* WOTWorkSpace.app */;
			productType = "com.apple.product-type.application";
		};
		E85A859F1F0201F30016FCA1 /* WOTWorkSpaceTests */ = {
			isa = PBXNativeTarget;
			buildConfigurationList = E85A85B71F0201F30016FCA1 /* Build configuration list for PBXNativeTarget "WOTWorkSpaceTests" */;
			buildPhases = (
				AD9631E78060295ADD0AE575 /* [CP] Check Pods Manifest.lock */,
				E85A859C1F0201F30016FCA1 /* Sources */,
				E85A859D1F0201F30016FCA1 /* Frameworks */,
				E85A859E1F0201F30016FCA1 /* Resources */,
				F98D269FA4B9E0DF3EA2930E /* [CP] Embed Pods Frameworks */,
				9A63C7223633683843284F6A /* [CP] Copy Pods Resources */,
			);
			buildRules = (
			);
			dependencies = (
				E85A85A21F0201F30016FCA1 /* PBXTargetDependency */,
			);
			name = WOTWorkSpaceTests;
			productName = WOTWorkSpaceTests;
			productReference = E85A85A01F0201F30016FCA1 /* WOTWorkSpaceTests.xctest */;
			productType = "com.apple.product-type.bundle.unit-test";
		};
		E85A85AA1F0201F30016FCA1 /* WOTWorkSpaceUITests */ = {
			isa = PBXNativeTarget;
			buildConfigurationList = E85A85BA1F0201F30016FCA1 /* Build configuration list for PBXNativeTarget "WOTWorkSpaceUITests" */;
			buildPhases = (
				730C46BF337BF8578870C640 /* [CP] Check Pods Manifest.lock */,
				E85A85A71F0201F30016FCA1 /* Sources */,
				E85A85A81F0201F30016FCA1 /* Frameworks */,
				E85A85A91F0201F30016FCA1 /* Resources */,
				42BDC466C4598BD0A3DF1ED2 /* [CP] Embed Pods Frameworks */,
				5B7B5ACE13B36BBAE756737D /* [CP] Copy Pods Resources */,
			);
			buildRules = (
			);
			dependencies = (
				E85A85AD1F0201F30016FCA1 /* PBXTargetDependency */,
			);
			name = WOTWorkSpaceUITests;
			productName = WOTWorkSpaceUITests;
			productReference = E85A85AB1F0201F30016FCA1 /* WOTWorkSpaceUITests.xctest */;
			productType = "com.apple.product-type.bundle.ui-testing";
		};
/* End PBXNativeTarget section */

/* Begin PBXProject section */
		E85A857C1F0201F30016FCA1 /* Project object */ = {
			isa = PBXProject;
			attributes = {
				CLASSPREFIX = WOT;
				LastUpgradeCheck = 0830;
				ORGANIZATIONNAME = "张姝枫";
				TargetAttributes = {
					E85A85831F0201F30016FCA1 = {
						CreatedOnToolsVersion = 8.3.2;
						DevelopmentTeam = 5EY377SJTX;
						ProvisioningStyle = Automatic;
					};
					E85A859F1F0201F30016FCA1 = {
						CreatedOnToolsVersion = 8.3.2;
						DevelopmentTeam = BA8M5YS8VM;
						ProvisioningStyle = Automatic;
						TestTargetID = E85A85831F0201F30016FCA1;
					};
					E85A85AA1F0201F30016FCA1 = {
						CreatedOnToolsVersion = 8.3.2;
						DevelopmentTeam = BA8M5YS8VM;
						ProvisioningStyle = Automatic;
						TestTargetID = E85A85831F0201F30016FCA1;
					};
				};
			};
			buildConfigurationList = E85A857F1F0201F30016FCA1 /* Build configuration list for PBXProject "WOTWorkSpace" */;
			compatibilityVersion = "Xcode 3.2";
			developmentRegion = English;
			hasScannedForEncodings = 0;
			knownRegions = (
				en,
				Base,
			);
			mainGroup = E85A857B1F0201F30016FCA1;
			productRefGroup = E85A85851F0201F30016FCA1 /* Products */;
			projectDirPath = "";
			projectRoot = "";
			targets = (
				E85A85831F0201F30016FCA1 /* WOTWorkSpace */,
				E85A859F1F0201F30016FCA1 /* WOTWorkSpaceTests */,
				E85A85AA1F0201F30016FCA1 /* WOTWorkSpaceUITests */,
			);
		};
/* End PBXProject section */

/* Begin PBXResourcesBuildPhase section */
		E85A85821F0201F30016FCA1 /* Resources */ = {
			isa = PBXResourcesBuildPhase;
			buildActionMask = 2147483647;
			files = (
				E88A7F4D1F09DD5500A670E7 /* (null) in Resources */,
				E85A859A1F0201F30016FCA1 /* LaunchScreen.storyboard in Resources */,
				E85A85971F0201F30016FCA1 /* Assets.xcassets in Resources */,
				E8693B111F04F92C00772BC1 /* spaceMain.storyboard in Resources */,
				E88A7F701F0A22B700A670E7 /* (null) in Resources */,
				E88A7F581F09EB6000A670E7 /* (null) in Resources */,
				E8693B0C1F04F47700772BC1 /* My.storyboard in Resources */,
				E8693AFD1F04B1E600772BC1 /* WOTOrderCell.xib in Resources */,
				E88A7F751F0A243800A670E7 /* (null) in Resources */,
				E88A7F631F09ED2000A670E7 /* (null) in Resources */,
				E88A7F481F09D73700A670E7 /* (null) in Resources */,
				E8693AFF1F04B1E600772BC1 /* WOTSettingCell.xib in Resources */,
				2AF83EE81F05FB92000AE733 /* Service.storyboard in Resources */,
				E88A7F681F0A091000A670E7 /* (null) in Resources */,
				E85A85921F0201F30016FCA1 /* Main.storyboard in Resources */,
				E8D89D8E1F06481D00FFFFDE /* WOTMyuserCell.xib in Resources */,
				E8693AFB1F04B1E600772BC1 /* WOTMyOrderCell.xib in Resources */,
				2AF78CE21F09F8F900F7B56D /* ServiceCategory.plist in Resources */,
				E8693B041F04B24200772BC1 /* WOTMyEnterPriseCell.xib in Resources */,
			);
			runOnlyForDeploymentPostprocessing = 0;
		};
		E85A859E1F0201F30016FCA1 /* Resources */ = {
			isa = PBXResourcesBuildPhase;
			buildActionMask = 2147483647;
			files = (
			);
			runOnlyForDeploymentPostprocessing = 0;
		};
		E85A85A91F0201F30016FCA1 /* Resources */ = {
			isa = PBXResourcesBuildPhase;
			buildActionMask = 2147483647;
			files = (
			);
			runOnlyForDeploymentPostprocessing = 0;
		};
/* End PBXResourcesBuildPhase section */

/* Begin PBXShellScriptBuildPhase section */
		42BDC466C4598BD0A3DF1ED2 /* [CP] Embed Pods Frameworks */ = {
			isa = PBXShellScriptBuildPhase;
			buildActionMask = 2147483647;
			files = (
			);
			inputPaths = (
			);
			name = "[CP] Embed Pods Frameworks";
			outputPaths = (
			);
			runOnlyForDeploymentPostprocessing = 0;
			shellPath = /bin/sh;
			shellScript = "\"${SRCROOT}/Pods/Target Support Files/Pods-WOTWorkSpaceUITests/Pods-WOTWorkSpaceUITests-frameworks.sh\"\n";
			showEnvVarsInLog = 0;
		};
		5B7B5ACE13B36BBAE756737D /* [CP] Copy Pods Resources */ = {
			isa = PBXShellScriptBuildPhase;
			buildActionMask = 2147483647;
			files = (
			);
			inputPaths = (
			);
			name = "[CP] Copy Pods Resources";
			outputPaths = (
			);
			runOnlyForDeploymentPostprocessing = 0;
			shellPath = /bin/sh;
			shellScript = "\"${SRCROOT}/Pods/Target Support Files/Pods-WOTWorkSpaceUITests/Pods-WOTWorkSpaceUITests-resources.sh\"\n";
			showEnvVarsInLog = 0;
		};
		621724E8693AD8285FFA8298 /* [CP] Copy Pods Resources */ = {
			isa = PBXShellScriptBuildPhase;
			buildActionMask = 2147483647;
			files = (
			);
			inputPaths = (
			);
			name = "[CP] Copy Pods Resources";
			outputPaths = (
			);
			runOnlyForDeploymentPostprocessing = 0;
			shellPath = /bin/sh;
			shellScript = "\"${SRCROOT}/Pods/Target Support Files/Pods-WOTWorkSpace/Pods-WOTWorkSpace-resources.sh\"\n";
			showEnvVarsInLog = 0;
		};
		730C46BF337BF8578870C640 /* [CP] Check Pods Manifest.lock */ = {
			isa = PBXShellScriptBuildPhase;
			buildActionMask = 2147483647;
			files = (
			);
			inputPaths = (
			);
			name = "[CP] Check Pods Manifest.lock";
			outputPaths = (
			);
			runOnlyForDeploymentPostprocessing = 0;
			shellPath = /bin/sh;
			shellScript = "diff \"${PODS_PODFILE_DIR_PATH}/Podfile.lock\" \"${PODS_ROOT}/Manifest.lock\" > /dev/null\nif [ $? != 0 ] ; then\n    # print error to STDERR\n    echo \"error: The sandbox is not in sync with the Podfile.lock. Run 'pod install' or update your CocoaPods installation.\" >&2\n    exit 1\nfi\n";
			showEnvVarsInLog = 0;
		};
		9A63C7223633683843284F6A /* [CP] Copy Pods Resources */ = {
			isa = PBXShellScriptBuildPhase;
			buildActionMask = 2147483647;
			files = (
			);
			inputPaths = (
			);
			name = "[CP] Copy Pods Resources";
			outputPaths = (
			);
			runOnlyForDeploymentPostprocessing = 0;
			shellPath = /bin/sh;
			shellScript = "\"${SRCROOT}/Pods/Target Support Files/Pods-WOTWorkSpaceTests/Pods-WOTWorkSpaceTests-resources.sh\"\n";
			showEnvVarsInLog = 0;
		};
		AD9631E78060295ADD0AE575 /* [CP] Check Pods Manifest.lock */ = {
			isa = PBXShellScriptBuildPhase;
			buildActionMask = 2147483647;
			files = (
			);
			inputPaths = (
			);
			name = "[CP] Check Pods Manifest.lock";
			outputPaths = (
			);
			runOnlyForDeploymentPostprocessing = 0;
			shellPath = /bin/sh;
			shellScript = "diff \"${PODS_PODFILE_DIR_PATH}/Podfile.lock\" \"${PODS_ROOT}/Manifest.lock\" > /dev/null\nif [ $? != 0 ] ; then\n    # print error to STDERR\n    echo \"error: The sandbox is not in sync with the Podfile.lock. Run 'pod install' or update your CocoaPods installation.\" >&2\n    exit 1\nfi\n";
			showEnvVarsInLog = 0;
		};
		C8A633B506C111B121D3FECC /* [CP] Check Pods Manifest.lock */ = {
			isa = PBXShellScriptBuildPhase;
			buildActionMask = 2147483647;
			files = (
			);
			inputPaths = (
			);
			name = "[CP] Check Pods Manifest.lock";
			outputPaths = (
			);
			runOnlyForDeploymentPostprocessing = 0;
			shellPath = /bin/sh;
			shellScript = "diff \"${PODS_PODFILE_DIR_PATH}/Podfile.lock\" \"${PODS_ROOT}/Manifest.lock\" > /dev/null\nif [ $? != 0 ] ; then\n    # print error to STDERR\n    echo \"error: The sandbox is not in sync with the Podfile.lock. Run 'pod install' or update your CocoaPods installation.\" >&2\n    exit 1\nfi\n";
			showEnvVarsInLog = 0;
		};
		CD490373BD6421CCE8FFF0C5 /* [CP] Embed Pods Frameworks */ = {
			isa = PBXShellScriptBuildPhase;
			buildActionMask = 2147483647;
			files = (
			);
			inputPaths = (
			);
			name = "[CP] Embed Pods Frameworks";
			outputPaths = (
			);
			runOnlyForDeploymentPostprocessing = 0;
			shellPath = /bin/sh;
			shellScript = "\"${SRCROOT}/Pods/Target Support Files/Pods-WOTWorkSpace/Pods-WOTWorkSpace-frameworks.sh\"\n";
			showEnvVarsInLog = 0;
		};
		F98D269FA4B9E0DF3EA2930E /* [CP] Embed Pods Frameworks */ = {
			isa = PBXShellScriptBuildPhase;
			buildActionMask = 2147483647;
			files = (
			);
			inputPaths = (
			);
			name = "[CP] Embed Pods Frameworks";
			outputPaths = (
			);
			runOnlyForDeploymentPostprocessing = 0;
			shellPath = /bin/sh;
			shellScript = "\"${SRCROOT}/Pods/Target Support Files/Pods-WOTWorkSpaceTests/Pods-WOTWorkSpaceTests-frameworks.sh\"\n";
			showEnvVarsInLog = 0;
		};
/* End PBXShellScriptBuildPhase section */

/* Begin PBXSourcesBuildPhase section */
		E85A85801F0201F30016FCA1 /* Sources */ = {
			isa = PBXSourcesBuildPhase;
			buildActionMask = 2147483647;
			files = (
				E8D89D7C1F06021B00FFFFDE /* ZYQSphereView.m in Sources */,
				2AF78D001F0A61FF00F7B56D /* WOTGETServiceCell.m in Sources */,
				2AF78CDD1F09EA1100F7B56D /* WOTRegisterServiceProvidersVC.m in Sources */,
				E8EACF931F035A990015535D /* WOTSettingVC.m in Sources */,
				E88A54431F03794800AD3F57 /* XXPageTabView.m in Sources */,
				2AF78CF11F0A3B7000F7B56D /* WOTVisitorsAppointmentVC.m in Sources */,
				E85A85EF1F0202460016FCA1 /* MASConstraintMaker.m in Sources */,
				E88A7F6B1F0A15E300A670E7 /* (null) in Sources */,
				E85A85F81F0202460016FCA1 /* MBProgressHUDUtil.m in Sources */,
				E8693AE11F04A96200772BC1 /* WOTStationOrder.m in Sources */,
				2AF78CF71F0A3EFA00F7B56D /* WOTFeedbackVC.m in Sources */,
				E85A858F1F0201F30016FCA1 /* ViewController.m in Sources */,
				2AF78CEB1F0A0E6B00F7B56D /* WOTServiceProvidersCategoryVC.m in Sources */,
				2AF78CE51F0A0DF400F7B56D /* WOTServiceProvidersCell.m in Sources */,
				E85032D41F0B477F00E79257 /* WOTSingtleton.m in Sources */,
				2AF78CFD1F0A42B100F7B56D /* WOTVisitTypeCell.m in Sources */,
				E8693AF81F04B1E600772BC1 /* WOTMyCell.m in Sources */,
				2AF78CF41F0A3DCB00F7B56D /* WOTMaintenanceApplyVC.m in Sources */,
				E88A54461F039D4500AD3F57 /* WOTConfigThemeUitls.m in Sources */,
				E85A858C1F0201F30016FCA1 /* AppDelegate.m in Sources */,
				E8588CEA1F0B27F900951105 /* NSString+URL.m in Sources */,
				E8EACF921F035A990015535D /* WOTOrderLIstVC.m in Sources */,
				E88A7F621F09ED2000A670E7 /* (null) in Sources */,
				E8693AFC1F04B1E600772BC1 /* WOTOrderCell.m in Sources */,
				E88A7F471F09D73700A670E7 /* (null) in Sources */,
				E85A861B1F0252F20016FCA1 /* WOTBaseNavigationController.m in Sources */,
				2AF78CE81F0A0E3100F7B56D /* WOTServiceProvidersCategoryCell.m in Sources */,
				E85A85FD1F0202B10016FCA1 /* WOTTabBarVCViewController.m in Sources */,
				E8693AFE1F04B1E600772BC1 /* WOTSettingCell.m in Sources */,
				E8693ADB1F049A6B00772BC1 /* WOTSearchVC.m in Sources */,
				E85A85EE1F0202460016FCA1 /* MASConstraint.m in Sources */,
				E8693B0A1F04C45100772BC1 /* WOTCreateEnterpriseVC.m in Sources */,
				E88A7F4C1F09DD5500A670E7 /* (null) in Sources */,
				E8693B031F04B24200772BC1 /* WOTMyEnterPriseCell.m in Sources */,
				E88A7F531F09E7E400A670E7 /* (null) in Sources */,
				E8693B171F05062D00772BC1 /* WOTSocialcontact.m in Sources */,
				E85A85F01F0202460016FCA1 /* MASLayoutConstraint.m in Sources */,
				E85A85F31F0202460016FCA1 /* NSArray+MASAdditions.m in Sources */,
				E88A7F5B1F09EC9800A670E7 /* (null) in Sources */,
				E8EACF961F035ABA0015535D /* WOTOrderLIstBaseVC.m in Sources */,
				E85A85F21F0202460016FCA1 /* MASViewConstraint.m in Sources */,
				E88A54421F03794800AD3F57 /* XXPageTabItemLable.m in Sources */,
				E8D89D8D1F06481D00FFFFDE /* WOTMyuserCell.m in Sources */,
				E88A7F431F09D28800A670E7 /* (null) in Sources */,
				E8EACF731F033D3E0015535D /* UIViewController+Extension.m in Sources */,
				E8693B1D1F05143800772BC1 /* WOTServiceNaviController.m in Sources */,
				E88A7F571F09EB6000A670E7 /* (null) in Sources */,
				E85A86001F0202F40016FCA1 /* WOTMyVC.m in Sources */,
				2AF78CFA1F0A424300F7B56D /* WOTVisitorsAppointmentCell.m in Sources */,
				E88A7F741F0A243800A670E7 /* (null) in Sources */,
				E8693AF91F04B1E600772BC1 /* WOTMycommonCell.m in Sources */,
				E85A85F71F0202460016FCA1 /* MBProgressHUD+Add.m in Sources */,
				E8693B0F1F04F90E00772BC1 /* WOTMainVC.m in Sources */,
				E85A85F11F0202460016FCA1 /* MASViewAttribute.m in Sources */,
				E8693B141F05061500772BC1 /* WOTServiceVC.m in Sources */,
				E88A7F501F09E7CD00A670E7 /* (null) in Sources */,
				E85032CF1F0B476900E79257 /* WOTMainNavigationController.m in Sources */,
				E8D89D7B1F06021B00FFFFDE /* PFGoldenSectionSpiral.m in Sources */,
				E85A85F51F0202460016FCA1 /* View+MASAdditions.m in Sources */,
				E85A860A1F022D6C0016FCA1 /* WOTMyNaviController.m in Sources */,
				E88A7F781F0A37CC00A670E7 /* (null) in Sources */,
				E88A7F671F0A091000A670E7 /* (null) in Sources */,
				E88A54491F03A64B00AD3F57 /* WOTAllOrderListVC.m in Sources */,
				E85A85951F0201F30016FCA1 /* WOTWorkSpace.xcdatamodeld in Sources */,
				2AF78CEE1F0A39E800F7B56D /* WOTGETServiceViewController.m in Sources */,
				E82D5FB21F07DDCA003EF0AE /* UIView+Extension.m in Sources */,
				E85032D11F0B476900E79257 /* WOTworkSpaceLIstVC.m in Sources */,
				E8693ADE1F049C6300772BC1 /* UItableView+Extension.m in Sources */,
				E88A7F5E1F09ECE900A670E7 /* (null) in Sources */,
				E8693B1A1F05100800772BC1 /* WOTSocialcontactNaviController.m in Sources */,
				E8588CE91F0B27F900951105 /* NSString+Category.m in Sources */,
				E85A85891F0201F30016FCA1 /* main.m in Sources */,
				E85A85ED1F0202460016FCA1 /* MASCompositeConstraint.m in Sources */,
				E8EACF7E1F0344EC0015535D /* WOTPageMenuParentVC.m in Sources */,
				E8D89D881F0637A700FFFFDE /* NewPagedFlowView.m in Sources */,
				E85A85F41F0202460016FCA1 /* NSLayoutConstraint+MASDebugAdditions.m in Sources */,
				2AF78CE01F09F66A00F7B56D /* WOTRegisterServiceProvidersCell.m in Sources */,
				E85032D01F0B476900E79257 /* WOTworkSpaceDetailVC.m in Sources */,
				2AF83EEE1F0651A1000AE733 /* WOTServiceProvidersApplyCell.m in Sources */,
				E82D5FB51F07DECE003EF0AE /* UIImage+Extension.m in Sources */,
				E85A85F61F0202460016FCA1 /* MBProgressHUD.m in Sources */,
				E88A7F6E1F0A226900A670E7 /* (null) in Sources */,
				E8693AE51F04AEB900772BC1 /* WORTMyEnterpriseVC.m in Sources */,
				E8D89D891F0637A700FFFFDE /* PGIndexBannerSubiew.m in Sources */,
				E8693AFA1F04B1E600772BC1 /* WOTMyOrderCell.m in Sources */,
			);
			runOnlyForDeploymentPostprocessing = 0;
		};
		E85A859C1F0201F30016FCA1 /* Sources */ = {
			isa = PBXSourcesBuildPhase;
			buildActionMask = 2147483647;
			files = (
				E85A85A51F0201F30016FCA1 /* WOTWorkSpaceTests.m in Sources */,
			);
			runOnlyForDeploymentPostprocessing = 0;
		};
		E85A85A71F0201F30016FCA1 /* Sources */ = {
			isa = PBXSourcesBuildPhase;
			buildActionMask = 2147483647;
			files = (
				E85A85B01F0201F30016FCA1 /* WOTWorkSpaceUITests.m in Sources */,
			);
			runOnlyForDeploymentPostprocessing = 0;
		};
/* End PBXSourcesBuildPhase section */

/* Begin PBXTargetDependency section */
		E85A85A21F0201F30016FCA1 /* PBXTargetDependency */ = {
			isa = PBXTargetDependency;
			target = E85A85831F0201F30016FCA1 /* WOTWorkSpace */;
			targetProxy = E85A85A11F0201F30016FCA1 /* PBXContainerItemProxy */;
		};
		E85A85AD1F0201F30016FCA1 /* PBXTargetDependency */ = {
			isa = PBXTargetDependency;
			target = E85A85831F0201F30016FCA1 /* WOTWorkSpace */;
			targetProxy = E85A85AC1F0201F30016FCA1 /* PBXContainerItemProxy */;
		};
/* End PBXTargetDependency section */

/* Begin PBXVariantGroup section */
		E85A85901F0201F30016FCA1 /* Main.storyboard */ = {
			isa = PBXVariantGroup;
			children = (
				E85A85911F0201F30016FCA1 /* Base */,
			);
			name = Main.storyboard;
			sourceTree = "<group>";
		};
		E85A85981F0201F30016FCA1 /* LaunchScreen.storyboard */ = {
			isa = PBXVariantGroup;
			children = (
				E85A85991F0201F30016FCA1 /* Base */,
			);
			name = LaunchScreen.storyboard;
			sourceTree = "<group>";
		};
/* End PBXVariantGroup section */

/* Begin XCBuildConfiguration section */
		E85A85B21F0201F30016FCA1 /* Debug */ = {
			isa = XCBuildConfiguration;
			buildSettings = {
				ALWAYS_SEARCH_USER_PATHS = NO;
				CLANG_ANALYZER_NONNULL = YES;
				CLANG_ANALYZER_NUMBER_OBJECT_CONVERSION = YES_AGGRESSIVE;
				CLANG_CXX_LANGUAGE_STANDARD = "gnu++0x";
				CLANG_CXX_LIBRARY = "libc++";
				CLANG_ENABLE_MODULES = YES;
				CLANG_ENABLE_OBJC_ARC = YES;
				CLANG_WARN_BOOL_CONVERSION = YES;
				CLANG_WARN_CONSTANT_CONVERSION = YES;
				CLANG_WARN_DIRECT_OBJC_ISA_USAGE = YES_ERROR;
				CLANG_WARN_DOCUMENTATION_COMMENTS = YES;
				CLANG_WARN_EMPTY_BODY = YES;
				CLANG_WARN_ENUM_CONVERSION = YES;
				CLANG_WARN_INFINITE_RECURSION = YES;
				CLANG_WARN_INT_CONVERSION = YES;
				CLANG_WARN_OBJC_ROOT_CLASS = YES_ERROR;
				CLANG_WARN_SUSPICIOUS_MOVE = YES;
				CLANG_WARN_UNREACHABLE_CODE = YES;
				CLANG_WARN__DUPLICATE_METHOD_MATCH = YES;
				"CODE_SIGN_IDENTITY[sdk=iphoneos*]" = "iPhone Developer";
				COPY_PHASE_STRIP = NO;
				DEBUG_INFORMATION_FORMAT = dwarf;
				ENABLE_STRICT_OBJC_MSGSEND = YES;
				ENABLE_TESTABILITY = YES;
				GCC_C_LANGUAGE_STANDARD = gnu99;
				GCC_DYNAMIC_NO_PIC = NO;
				GCC_NO_COMMON_BLOCKS = YES;
				GCC_OPTIMIZATION_LEVEL = 0;
				GCC_PREPROCESSOR_DEFINITIONS = (
					"DEBUG=1",
					"$(inherited)",
				);
				GCC_WARN_64_TO_32_BIT_CONVERSION = YES;
				GCC_WARN_ABOUT_RETURN_TYPE = YES_ERROR;
				GCC_WARN_UNDECLARED_SELECTOR = YES;
				GCC_WARN_UNINITIALIZED_AUTOS = YES_AGGRESSIVE;
				GCC_WARN_UNUSED_FUNCTION = YES;
				GCC_WARN_UNUSED_VARIABLE = YES;
				IPHONEOS_DEPLOYMENT_TARGET = 10.3;
				MTL_ENABLE_DEBUG_INFO = YES;
				ONLY_ACTIVE_ARCH = YES;
				SDKROOT = iphoneos;
				TARGETED_DEVICE_FAMILY = "1,2";
			};
			name = Debug;
		};
		E85A85B31F0201F30016FCA1 /* Release */ = {
			isa = XCBuildConfiguration;
			buildSettings = {
				ALWAYS_SEARCH_USER_PATHS = NO;
				CLANG_ANALYZER_NONNULL = YES;
				CLANG_ANALYZER_NUMBER_OBJECT_CONVERSION = YES_AGGRESSIVE;
				CLANG_CXX_LANGUAGE_STANDARD = "gnu++0x";
				CLANG_CXX_LIBRARY = "libc++";
				CLANG_ENABLE_MODULES = YES;
				CLANG_ENABLE_OBJC_ARC = YES;
				CLANG_WARN_BOOL_CONVERSION = YES;
				CLANG_WARN_CONSTANT_CONVERSION = YES;
				CLANG_WARN_DIRECT_OBJC_ISA_USAGE = YES_ERROR;
				CLANG_WARN_DOCUMENTATION_COMMENTS = YES;
				CLANG_WARN_EMPTY_BODY = YES;
				CLANG_WARN_ENUM_CONVERSION = YES;
				CLANG_WARN_INFINITE_RECURSION = YES;
				CLANG_WARN_INT_CONVERSION = YES;
				CLANG_WARN_OBJC_ROOT_CLASS = YES_ERROR;
				CLANG_WARN_SUSPICIOUS_MOVE = YES;
				CLANG_WARN_UNREACHABLE_CODE = YES;
				CLANG_WARN__DUPLICATE_METHOD_MATCH = YES;
				"CODE_SIGN_IDENTITY[sdk=iphoneos*]" = "iPhone Developer";
				COPY_PHASE_STRIP = NO;
				DEBUG_INFORMATION_FORMAT = "dwarf-with-dsym";
				ENABLE_NS_ASSERTIONS = NO;
				ENABLE_STRICT_OBJC_MSGSEND = YES;
				GCC_C_LANGUAGE_STANDARD = gnu99;
				GCC_NO_COMMON_BLOCKS = YES;
				GCC_WARN_64_TO_32_BIT_CONVERSION = YES;
				GCC_WARN_ABOUT_RETURN_TYPE = YES_ERROR;
				GCC_WARN_UNDECLARED_SELECTOR = YES;
				GCC_WARN_UNINITIALIZED_AUTOS = YES_AGGRESSIVE;
				GCC_WARN_UNUSED_FUNCTION = YES;
				GCC_WARN_UNUSED_VARIABLE = YES;
				IPHONEOS_DEPLOYMENT_TARGET = 10.3;
				MTL_ENABLE_DEBUG_INFO = NO;
				SDKROOT = iphoneos;
				TARGETED_DEVICE_FAMILY = "1,2";
				VALIDATE_PRODUCT = YES;
			};
			name = Release;
		};
		E85A85B51F0201F30016FCA1 /* Debug */ = {
			isa = XCBuildConfiguration;
			baseConfigurationReference = 3AD4D44235E619477B1F5D13 /* Pods-WOTWorkSpace.debug.xcconfig */;
			buildSettings = {
				ASSETCATALOG_COMPILER_APPICON_NAME = AppIcon;
				DEVELOPMENT_TEAM = 5EY377SJTX;
				GCC_GENERATE_TEST_COVERAGE_FILES = YES;
				GCC_PREFIX_HEADER = "$(SRCROOT)/WOTWorkSpace/common/WOTWorkSpace_Prefix.pch";
				INFOPLIST_FILE = WOTWorkSpace/Info.plist;
				IPHONEOS_DEPLOYMENT_TARGET = 8.0;
				LD_RUNPATH_SEARCH_PATHS = "$(inherited) @executable_path/Frameworks";
				PRODUCT_BUNDLE_IDENTIFIER = zsf.WOTWorkSpace;
				PRODUCT_NAME = "$(TARGET_NAME)";
				USER_HEADER_SEARCH_PATHS = "${SRCROOT}\n${SRCROOT}\n${SRCROOT}\n${SRCROOT}\n${SRCROOT}\n${SRCROOT}\n${SRCROOT}/**";
			};
			name = Debug;
		};
		E85A85B61F0201F30016FCA1 /* Release */ = {
			isa = XCBuildConfiguration;
			baseConfigurationReference = D0639BAED3DA088A5423E46F /* Pods-WOTWorkSpace.release.xcconfig */;
			buildSettings = {
				ASSETCATALOG_COMPILER_APPICON_NAME = AppIcon;
				DEVELOPMENT_TEAM = 5EY377SJTX;
				GCC_GENERATE_TEST_COVERAGE_FILES = YES;
				GCC_PREFIX_HEADER = "$(SRCROOT)/WOTWorkSpace/common/WOTWorkSpace_Prefix.pch";
				INFOPLIST_FILE = WOTWorkSpace/Info.plist;
				IPHONEOS_DEPLOYMENT_TARGET = 8.0;
				LD_RUNPATH_SEARCH_PATHS = "$(inherited) @executable_path/Frameworks";
				PRODUCT_BUNDLE_IDENTIFIER = zsf.WOTWorkSpace;
				PRODUCT_NAME = "$(TARGET_NAME)";
				USER_HEADER_SEARCH_PATHS = "${SRCROOT}\n${SRCROOT}\n${SRCROOT}\n${SRCROOT}\n${SRCROOT}\n${SRCROOT}\n${SRCROOT}/**";
			};
			name = Release;
		};
		E85A85B81F0201F30016FCA1 /* Debug */ = {
			isa = XCBuildConfiguration;
			baseConfigurationReference = AFD7419E0440D789E522F1B2 /* Pods-WOTWorkSpaceTests.debug.xcconfig */;
			buildSettings = {
				BUNDLE_LOADER = "$(TEST_HOST)";
				DEVELOPMENT_TEAM = BA8M5YS8VM;
				INFOPLIST_FILE = WOTWorkSpaceTests/Info.plist;
				LD_RUNPATH_SEARCH_PATHS = "$(inherited) @executable_path/Frameworks @loader_path/Frameworks";
				PRODUCT_BUNDLE_IDENTIFIER = zsf.WOTWorkSpaceTests;
				PRODUCT_NAME = "$(TARGET_NAME)";
				TEST_HOST = "$(BUILT_PRODUCTS_DIR)/WOTWorkSpace.app/WOTWorkSpace";
			};
			name = Debug;
		};
		E85A85B91F0201F30016FCA1 /* Release */ = {
			isa = XCBuildConfiguration;
			baseConfigurationReference = 157AADE7023AC29418E68C7A /* Pods-WOTWorkSpaceTests.release.xcconfig */;
			buildSettings = {
				BUNDLE_LOADER = "$(TEST_HOST)";
				DEVELOPMENT_TEAM = BA8M5YS8VM;
				INFOPLIST_FILE = WOTWorkSpaceTests/Info.plist;
				LD_RUNPATH_SEARCH_PATHS = "$(inherited) @executable_path/Frameworks @loader_path/Frameworks";
				PRODUCT_BUNDLE_IDENTIFIER = zsf.WOTWorkSpaceTests;
				PRODUCT_NAME = "$(TARGET_NAME)";
				TEST_HOST = "$(BUILT_PRODUCTS_DIR)/WOTWorkSpace.app/WOTWorkSpace";
			};
			name = Release;
		};
		E85A85BB1F0201F30016FCA1 /* Debug */ = {
			isa = XCBuildConfiguration;
			baseConfigurationReference = 3704D94D4A02A54BFD2A96B0 /* Pods-WOTWorkSpaceUITests.debug.xcconfig */;
			buildSettings = {
				DEVELOPMENT_TEAM = BA8M5YS8VM;
				INFOPLIST_FILE = WOTWorkSpaceUITests/Info.plist;
				LD_RUNPATH_SEARCH_PATHS = "$(inherited) @executable_path/Frameworks @loader_path/Frameworks";
				PRODUCT_BUNDLE_IDENTIFIER = zsf.WOTWorkSpaceUITests;
				PRODUCT_NAME = "$(TARGET_NAME)";
				TEST_TARGET_NAME = WOTWorkSpace;
			};
			name = Debug;
		};
		E85A85BC1F0201F30016FCA1 /* Release */ = {
			isa = XCBuildConfiguration;
			baseConfigurationReference = FB0D65BEE3DC0196385560AF /* Pods-WOTWorkSpaceUITests.release.xcconfig */;
			buildSettings = {
				DEVELOPMENT_TEAM = BA8M5YS8VM;
				INFOPLIST_FILE = WOTWorkSpaceUITests/Info.plist;
				LD_RUNPATH_SEARCH_PATHS = "$(inherited) @executable_path/Frameworks @loader_path/Frameworks";
				PRODUCT_BUNDLE_IDENTIFIER = zsf.WOTWorkSpaceUITests;
				PRODUCT_NAME = "$(TARGET_NAME)";
				TEST_TARGET_NAME = WOTWorkSpace;
			};
			name = Release;
		};
/* End XCBuildConfiguration section */

/* Begin XCConfigurationList section */
		E85A857F1F0201F30016FCA1 /* Build configuration list for PBXProject "WOTWorkSpace" */ = {
			isa = XCConfigurationList;
			buildConfigurations = (
				E85A85B21F0201F30016FCA1 /* Debug */,
				E85A85B31F0201F30016FCA1 /* Release */,
			);
			defaultConfigurationIsVisible = 0;
			defaultConfigurationName = Release;
		};
		E85A85B41F0201F30016FCA1 /* Build configuration list for PBXNativeTarget "WOTWorkSpace" */ = {
			isa = XCConfigurationList;
			buildConfigurations = (
				E85A85B51F0201F30016FCA1 /* Debug */,
				E85A85B61F0201F30016FCA1 /* Release */,
			);
			defaultConfigurationIsVisible = 0;
			defaultConfigurationName = Release;
		};
		E85A85B71F0201F30016FCA1 /* Build configuration list for PBXNativeTarget "WOTWorkSpaceTests" */ = {
			isa = XCConfigurationList;
			buildConfigurations = (
				E85A85B81F0201F30016FCA1 /* Debug */,
				E85A85B91F0201F30016FCA1 /* Release */,
			);
			defaultConfigurationIsVisible = 0;
			defaultConfigurationName = Release;
		};
		E85A85BA1F0201F30016FCA1 /* Build configuration list for PBXNativeTarget "WOTWorkSpaceUITests" */ = {
			isa = XCConfigurationList;
			buildConfigurations = (
				E85A85BB1F0201F30016FCA1 /* Debug */,
				E85A85BC1F0201F30016FCA1 /* Release */,
			);
			defaultConfigurationIsVisible = 0;
			defaultConfigurationName = Release;
		};
/* End XCConfigurationList section */

/* Begin XCVersionGroup section */
		E85A85931F0201F30016FCA1 /* WOTWorkSpace.xcdatamodeld */ = {
			isa = XCVersionGroup;
			children = (
				E85A85941F0201F30016FCA1 /* WOTWorkSpace.xcdatamodel */,
			);
			currentVersion = E85A85941F0201F30016FCA1 /* WOTWorkSpace.xcdatamodel */;
			path = WOTWorkSpace.xcdatamodeld;
			sourceTree = "<group>";
			versionGroupType = wrapper.xcdatamodel;
		};
/* End XCVersionGroup section */
	};
	rootObject = E85A857C1F0201F30016FCA1 /* Project object */;
}
